{
  "object": {
    "pins": [
      {
        "package": "Data4LifeCrypto",
        "repositoryURL": "https://github.com/d4l-data4life/d4l-crypto-ios.git",
        "state": {
          "branch": "release/1.7.0/prepare-1.7.0",
          "revision": "a1605e2386bbfa82dc18f2d86fc93cd25b51730e",
          "version": null
        }
      }
    ]
  },
  "version": 1
}
