{
  "object": {
    "pins": [
      {
        "package": "Data4LifeFHIR",
        "repositoryURL": "https://github.com/d4l-data4life/d4l-fhir-ios.git",
        "state": {
          "branch": null,
          "revision": "297830d179a91315cdf288c9a8ee37ba76d46b34",
          "version": "0.22.0"
        }
      },
      {
        "package": "Data4LifeSDK",
        "repositoryURL": "https://github.com/d4l-data4life/d4l-sdk-ios.git",
        "state": {
          "branch": "feature/update-dependencies",
          "revision": "672a189acfc024ad5a8344a9dcf159d225eefc8d",
          "version": null
        }
      },
      {
        "package": "Data4LifeSDKUtils",
        "repositoryURL": "https://github.com/d4l-data4life/d4l-utils-ios.git",
        "state": {
          "branch": null,
          "revision": "4cc48b98b1112ce680b91ee81bb4c38559b3116f",
          "version": "0.6.0"
        }
      }
    ]
  },
  "version": 1
}
