{
  "object": {
    "pins": [
      {
        "package": "Data4LifeCrypto",
        "repositoryURL": "https://github.com/d4l-data4life/d4l-crypto-ios.git",
        "state": {
          "branch": null,
          "revision": "d40c087abeb12fda7fa8fca1d26b5d9394ee6cd7",
          "version": "1.6.0"
        }
      }
    ]
  },
  "version": 1
}
