// !$*UTF8*$!
{
	archiveVersion = 1;
	classes = {
	};
	objectVersion = 52;
	objects = {

/* Begin PBXBuildFile section */
		3661D4BC26DE44DE00BC51F3 /* Data4LifeCrypto in Frameworks */ = {isa = PBXBuildFile; productRef = 36FA37EB26D7CA6A00DDCC35 /* Data4LifeCrypto */; };
		3661D4BF26DE45FF00BC51F3 /* DataDonationCryptor.swift in Sources */ = {isa = PBXBuildFile; fileRef = 3661D4BE26DE45FF00BC51F3 /* DataDonationCryptor.swift */; };
		3661D4C226DE5D1F00BC51F3 /* EncryptedDataTests.swift in Sources */ = {isa = PBXBuildFile; fileRef = 3661D4C126DE5D1F00BC51F3 /* EncryptedDataTests.swift */; };
		3661D4C426DE6D3A00BC51F3 /* DataDonationCryptorTests.swift in Sources */ = {isa = PBXBuildFile; fileRef = 3661D4C326DE6D3A00BC51F3 /* DataDonationCryptorTests.swift */; };
		3661D4C626DE6F3700BC51F3 /* IVGeneratorMock.swift in Sources */ = {isa = PBXBuildFile; fileRef = 3661D4C526DE6F3700BC51F3 /* IVGeneratorMock.swift */; };
		3661D4CB26DFB9E900BC51F3 /* EncryptedData.swift in Sources */ = {isa = PBXBuildFile; fileRef = 3661D4CA26DFB9E900BC51F3 /* EncryptedData.swift */; };
		3661D4CD26DFBDDC00BC51F3 /* DataDonationCryptoObjCFactory.swift in Sources */ = {isa = PBXBuildFile; fileRef = 3661D4CC26DFBDDC00BC51F3 /* DataDonationCryptoObjCFactory.swift */; };
		3661D4CF26DFBE6900BC51F3 /* CoreCryptoService.swift in Sources */ = {isa = PBXBuildFile; fileRef = 3661D4CE26DFBE6900BC51F3 /* CoreCryptoService.swift */; };
		3661D4D126DFC2A400BC51F3 /* CoreCryptoServiceMock.swift in Sources */ = {isa = PBXBuildFile; fileRef = 3661D4D026DFC2A400BC51F3 /* CoreCryptoServiceMock.swift */; };
		3661D4D326DFC2F700BC51F3 /* MockError.swift in Sources */ = {isa = PBXBuildFile; fileRef = 3661D4D226DFC2F700BC51F3 /* MockError.swift */; };
		3661D4D526DFD11800BC51F3 /* encryptedDataOutput.txt in Resources */ = {isa = PBXBuildFile; fileRef = 3661D4D426DFD11800BC51F3 /* encryptedDataOutput.txt */; };
		3661D4D726DFD16F00BC51F3 /* plainDataInput.txt in Resources */ = {isa = PBXBuildFile; fileRef = 3661D4D626DFD16F00BC51F3 /* plainDataInput.txt */; };
		3661D4D926DFD1D600BC51F3 /* symmetricKey.txt in Resources */ = {isa = PBXBuildFile; fileRef = 3661D4D826DFD1D600BC51F3 /* symmetricKey.txt */; };
		3661D4DB26DFD36E00BC51F3 /* CryptedDataFactory.swift in Sources */ = {isa = PBXBuildFile; fileRef = 3661D4DA26DFD36E00BC51F3 /* CryptedDataFactory.swift */; };
		3661D4DD26DFD98300BC51F3 /* iv.txt in Resources */ = {isa = PBXBuildFile; fileRef = 3661D4DC26DFD98300BC51F3 /* iv.txt */; };
		3661D4E026E0D0C800BC51F3 /* DataDonationCryptorModuleTests.swift in Sources */ = {isa = PBXBuildFile; fileRef = 3661D4DF26E0D0C800BC51F3 /* DataDonationCryptorModuleTests.swift */; };
		3670E96426CD1E5D00FD5B79 /* KeychainKeyProvider.swift in Sources */ = {isa = PBXBuildFile; fileRef = 3670E95726CBF11200FD5B79 /* KeychainKeyProvider.swift */; };
		3670E97326CD5FC100FD5B79 /* libDataDonationCryptoObjC.a in Frameworks */ = {isa = PBXBuildFile; fileRef = 3670E95D26CD1E4A00FD5B79 /* libDataDonationCryptoObjC.a */; };
		367B639726E264D00020C4B5 /* DataDonationSigner.swift in Sources */ = {isa = PBXBuildFile; fileRef = 367B639626E264D00020C4B5 /* DataDonationSigner.swift */; };
		36B32E8326CFF10F00D16306 /* DonorKeyHolder.swift in Sources */ = {isa = PBXBuildFile; fileRef = 36B32E8226CFF10F00D16306 /* DonorKeyHolder.swift */; };
		36B32E8426CFF3AF00D16306 /* KeychainKeyProviderModuleTests.swift in Sources */ = {isa = PBXBuildFile; fileRef = 3670E94826CBF02700FD5B79 /* KeychainKeyProviderModuleTests.swift */; };
		36B32E8626D3DCB600D16306 /* DonorKeyHolderMock.swift in Sources */ = {isa = PBXBuildFile; fileRef = 36B32E8526D3DCB600D16306 /* DonorKeyHolderMock.swift */; };
		36B32E8926D3EF1500D16306 /* Data4LifeCrypto in Frameworks */ = {isa = PBXBuildFile; productRef = 36B32E8826D3EF1500D16306 /* Data4LifeCrypto */; };
		36B32E8C26D3EF8A00D16306 /* KeyFixtureFactory.swift in Sources */ = {isa = PBXBuildFile; fileRef = 36B32E8B26D3EF8A00D16306 /* KeyFixtureFactory.swift */; };
		36B32E9426D4E56300D16306 /* DataDonationCryptoHostAppApp.swift in Sources */ = {isa = PBXBuildFile; fileRef = 36B32E9326D4E56300D16306 /* DataDonationCryptoHostAppApp.swift */; };
		36B32E9626D4E56300D16306 /* ContentView.swift in Sources */ = {isa = PBXBuildFile; fileRef = 36B32E9526D4E56300D16306 /* ContentView.swift */; };
		36B32E9826D4E56500D16306 /* Assets.xcassets in Resources */ = {isa = PBXBuildFile; fileRef = 36B32E9726D4E56500D16306 /* Assets.xcassets */; };
		36B32E9B26D4E56500D16306 /* Preview Assets.xcassets in Resources */ = {isa = PBXBuildFile; fileRef = 36B32E9A26D4E56500D16306 /* Preview Assets.xcassets */; };
		36B32EA426D4EACB00D16306 /* asymmetricDataDonationKeyPair.json in Resources */ = {isa = PBXBuildFile; fileRef = 36B32EA326D4EACB00D16306 /* asymmetricDataDonationKeyPair.json */; };
		36B32EA926D5140C00D16306 /* Bundle+Tests.swift in Sources */ = {isa = PBXBuildFile; fileRef = 36B32EA826D5140C00D16306 /* Bundle+Tests.swift */; };
		36FA37C626D53F2400DDCC35 /* KeychainKeyProviderTests.swift in Sources */ = {isa = PBXBuildFile; fileRef = 36FA37C526D53F2400DDCC35 /* KeychainKeyProviderTests.swift */; };
		36FA37C826D5459500DDCC35 /* DonorKeyHolderTests.swift in Sources */ = {isa = PBXBuildFile; fileRef = 36FA37C726D5459500DDCC35 /* DonorKeyHolderTests.swift */; };
		36FA37CB26D54A1800DDCC35 /* DataDonationCryptoObjC.swift in Sources */ = {isa = PBXBuildFile; fileRef = 36FA37CA26D54A1800DDCC35 /* DataDonationCryptoObjC.swift */; };
		36FA37CE26D54AC200DDCC35 /* DataDonationCryptoObjCError.swift in Sources */ = {isa = PBXBuildFile; fileRef = 36FA37CD26D54AC200DDCC35 /* DataDonationCryptoObjCError.swift */; };
		36FA37E626D67FF600DDCC35 /* Data4LifeCrypto in Frameworks */ = {isa = PBXBuildFile; productRef = 36FA37E526D67FF600DDCC35 /* Data4LifeCrypto */; };
		36FA37E726D67FF600DDCC35 /* libDataDonationCryptoObjC.a in Frameworks */ = {isa = PBXBuildFile; fileRef = 3670E95D26CD1E4A00FD5B79 /* libDataDonationCryptoObjC.a */; };
/* End PBXBuildFile section */

/* Begin PBXContainerItemProxy section */
		3670E97426CD5FC100FD5B79 /* PBXContainerItemProxy */ = {
			isa = PBXContainerItemProxy;
			containerPortal = 3670E93126CBF02700FD5B79 /* Project object */;
			proxyType = 1;
			remoteGlobalIDString = 3670E95C26CD1E4A00FD5B79;
			remoteInfo = DataDonationCryptoObjC;
		};
		36B32EA026D4E5A200D16306 /* PBXContainerItemProxy */ = {
			isa = PBXContainerItemProxy;
			containerPortal = 3670E93126CBF02700FD5B79 /* Project object */;
			proxyType = 1;
			remoteGlobalIDString = 36B32E9026D4E56200D16306;
			remoteInfo = DataDonationCryptoHostApp;
		};
		36FA37E826D67FF600DDCC35 /* PBXContainerItemProxy */ = {
			isa = PBXContainerItemProxy;
			containerPortal = 3670E93126CBF02700FD5B79 /* Project object */;
			proxyType = 1;
			remoteGlobalIDString = 3670E95C26CD1E4A00FD5B79;
			remoteInfo = DataDonationCryptoObjC;
		};
/* End PBXContainerItemProxy section */

/* Begin PBXCopyFilesBuildPhase section */
		3670E95B26CD1E4A00FD5B79 /* CopyFiles */ = {
			isa = PBXCopyFilesBuildPhase;
			buildActionMask = 2147483647;
			dstPath = "include/$(PRODUCT_NAME)";
			dstSubfolderSpec = 16;
			files = (
			);
			runOnlyForDeploymentPostprocessing = 0;
		};
/* End PBXCopyFilesBuildPhase section */

/* Begin PBXFileReference section */
		3661D4BE26DE45FF00BC51F3 /* DataDonationCryptor.swift */ = {isa = PBXFileReference; lastKnownFileType = sourcecode.swift; path = DataDonationCryptor.swift; sourceTree = "<group>"; };
		3661D4C126DE5D1F00BC51F3 /* EncryptedDataTests.swift */ = {isa = PBXFileReference; lastKnownFileType = sourcecode.swift; path = EncryptedDataTests.swift; sourceTree = "<group>"; };
		3661D4C326DE6D3A00BC51F3 /* DataDonationCryptorTests.swift */ = {isa = PBXFileReference; lastKnownFileType = sourcecode.swift; path = DataDonationCryptorTests.swift; sourceTree = "<group>"; };
		3661D4C526DE6F3700BC51F3 /* IVGeneratorMock.swift */ = {isa = PBXFileReference; lastKnownFileType = sourcecode.swift; path = IVGeneratorMock.swift; sourceTree = "<group>"; };
		3661D4CA26DFB9E900BC51F3 /* EncryptedData.swift */ = {isa = PBXFileReference; lastKnownFileType = sourcecode.swift; path = EncryptedData.swift; sourceTree = "<group>"; };
		3661D4CC26DFBDDC00BC51F3 /* DataDonationCryptoObjCFactory.swift */ = {isa = PBXFileReference; lastKnownFileType = sourcecode.swift; path = DataDonationCryptoObjCFactory.swift; sourceTree = "<group>"; };
		3661D4CE26DFBE6900BC51F3 /* CoreCryptoService.swift */ = {isa = PBXFileReference; lastKnownFileType = sourcecode.swift; path = CoreCryptoService.swift; sourceTree = "<group>"; };
		3661D4D026DFC2A400BC51F3 /* CoreCryptoServiceMock.swift */ = {isa = PBXFileReference; lastKnownFileType = sourcecode.swift; path = CoreCryptoServiceMock.swift; sourceTree = "<group>"; };
		3661D4D226DFC2F700BC51F3 /* MockError.swift */ = {isa = PBXFileReference; lastKnownFileType = sourcecode.swift; path = MockError.swift; sourceTree = "<group>"; };
		3661D4D426DFD11800BC51F3 /* encryptedDataOutput.txt */ = {isa = PBXFileReference; lastKnownFileType = text; path = encryptedDataOutput.txt; sourceTree = "<group>"; };
		3661D4D626DFD16F00BC51F3 /* plainDataInput.txt */ = {isa = PBXFileReference; lastKnownFileType = text; path = plainDataInput.txt; sourceTree = "<group>"; };
		3661D4D826DFD1D600BC51F3 /* symmetricKey.txt */ = {isa = PBXFileReference; lastKnownFileType = text; path = symmetricKey.txt; sourceTree = "<group>"; };
		3661D4DA26DFD36E00BC51F3 /* CryptedDataFactory.swift */ = {isa = PBXFileReference; lastKnownFileType = sourcecode.swift; path = CryptedDataFactory.swift; sourceTree = "<group>"; };
		3661D4DC26DFD98300BC51F3 /* iv.txt */ = {isa = PBXFileReference; lastKnownFileType = text; path = iv.txt; sourceTree = "<group>"; };
		3661D4DF26E0D0C800BC51F3 /* DataDonationCryptorModuleTests.swift */ = {isa = PBXFileReference; lastKnownFileType = sourcecode.swift; path = DataDonationCryptorModuleTests.swift; sourceTree = "<group>"; };
		3670E93D26CBF02700FD5B79 /* DataDonationCryptoObjC.h */ = {isa = PBXFileReference; lastKnownFileType = sourcecode.c.h; path = DataDonationCryptoObjC.h; sourceTree = "<group>"; };
		3670E93E26CBF02700FD5B79 /* Info.plist */ = {isa = PBXFileReference; lastKnownFileType = text.plist.xml; path = Info.plist; sourceTree = "<group>"; };
		3670E94826CBF02700FD5B79 /* KeychainKeyProviderModuleTests.swift */ = {isa = PBXFileReference; lastKnownFileType = sourcecode.swift; path = KeychainKeyProviderModuleTests.swift; sourceTree = "<group>"; };
		3670E94A26CBF02800FD5B79 /* Info.plist */ = {isa = PBXFileReference; lastKnownFileType = text.plist.xml; path = Info.plist; sourceTree = "<group>"; };
		3670E95726CBF11200FD5B79 /* KeychainKeyProvider.swift */ = {isa = PBXFileReference; lastKnownFileType = sourcecode.swift; path = KeychainKeyProvider.swift; sourceTree = "<group>"; };
		3670E95D26CD1E4A00FD5B79 /* libDataDonationCryptoObjC.a */ = {isa = PBXFileReference; explicitFileType = archive.ar; includeInIndex = 0; path = libDataDonationCryptoObjC.a; sourceTree = BUILT_PRODUCTS_DIR; };
		3670E96826CD286D00FD5B79 /* DataDonationCryptoObjC-BridgingHeader.h */ = {isa = PBXFileReference; lastKnownFileType = sourcecode.c.h; path = "DataDonationCryptoObjC-BridgingHeader.h"; sourceTree = "<group>"; };
		3670E96E26CD5FC100FD5B79 /* DataDonationCryptoObjCTests.xctest */ = {isa = PBXFileReference; explicitFileType = wrapper.cfbundle; includeInIndex = 0; path = DataDonationCryptoObjCTests.xctest; sourceTree = BUILT_PRODUCTS_DIR; };
		367B639626E264D00020C4B5 /* DataDonationSigner.swift */ = {isa = PBXFileReference; lastKnownFileType = sourcecode.swift; path = DataDonationSigner.swift; sourceTree = "<group>"; };
		36B32E8226CFF10F00D16306 /* DonorKeyHolder.swift */ = {isa = PBXFileReference; lastKnownFileType = sourcecode.swift; path = DonorKeyHolder.swift; sourceTree = "<group>"; };
		36B32E8526D3DCB600D16306 /* DonorKeyHolderMock.swift */ = {isa = PBXFileReference; lastKnownFileType = sourcecode.swift; path = DonorKeyHolderMock.swift; sourceTree = "<group>"; };
		36B32E8B26D3EF8A00D16306 /* KeyFixtureFactory.swift */ = {isa = PBXFileReference; lastKnownFileType = sourcecode.swift; path = KeyFixtureFactory.swift; sourceTree = "<group>"; };
		36B32E9126D4E56200D16306 /* DataDonationCryptoHostApp.app */ = {isa = PBXFileReference; explicitFileType = wrapper.application; includeInIndex = 0; path = DataDonationCryptoHostApp.app; sourceTree = BUILT_PRODUCTS_DIR; };
		36B32E9326D4E56300D16306 /* DataDonationCryptoHostAppApp.swift */ = {isa = PBXFileReference; lastKnownFileType = sourcecode.swift; path = DataDonationCryptoHostAppApp.swift; sourceTree = "<group>"; };
		36B32E9526D4E56300D16306 /* ContentView.swift */ = {isa = PBXFileReference; lastKnownFileType = sourcecode.swift; path = ContentView.swift; sourceTree = "<group>"; };
		36B32E9726D4E56500D16306 /* Assets.xcassets */ = {isa = PBXFileReference; lastKnownFileType = folder.assetcatalog; path = Assets.xcassets; sourceTree = "<group>"; };
		36B32E9A26D4E56500D16306 /* Preview Assets.xcassets */ = {isa = PBXFileReference; lastKnownFileType = folder.assetcatalog; path = "Preview Assets.xcassets"; sourceTree = "<group>"; };
		36B32E9C26D4E56500D16306 /* Info.plist */ = {isa = PBXFileReference; lastKnownFileType = text.plist.xml; path = Info.plist; sourceTree = "<group>"; };
		36B32EA326D4EACB00D16306 /* asymmetricDataDonationKeyPair.json */ = {isa = PBXFileReference; lastKnownFileType = text.json; path = asymmetricDataDonationKeyPair.json; sourceTree = "<group>"; };
		36B32EA826D5140C00D16306 /* Bundle+Tests.swift */ = {isa = PBXFileReference; lastKnownFileType = sourcecode.swift; path = "Bundle+Tests.swift"; sourceTree = "<group>"; };
		36FA37C526D53F2400DDCC35 /* KeychainKeyProviderTests.swift */ = {isa = PBXFileReference; lastKnownFileType = sourcecode.swift; path = KeychainKeyProviderTests.swift; sourceTree = "<group>"; };
		36FA37C726D5459500DDCC35 /* DonorKeyHolderTests.swift */ = {isa = PBXFileReference; lastKnownFileType = sourcecode.swift; path = DonorKeyHolderTests.swift; sourceTree = "<group>"; };
		36FA37CA26D54A1800DDCC35 /* DataDonationCryptoObjC.swift */ = {isa = PBXFileReference; lastKnownFileType = sourcecode.swift; path = DataDonationCryptoObjC.swift; sourceTree = "<group>"; };
		36FA37CD26D54AC200DDCC35 /* DataDonationCryptoObjCError.swift */ = {isa = PBXFileReference; lastKnownFileType = sourcecode.swift; path = DataDonationCryptoObjCError.swift; sourceTree = "<group>"; };
/* End PBXFileReference section */

/* Begin PBXFrameworksBuildPhase section */
		3670E95A26CD1E4A00FD5B79 /* Frameworks */ = {
			isa = PBXFrameworksBuildPhase;
			buildActionMask = 2147483647;
			files = (
				3661D4BC26DE44DE00BC51F3 /* Data4LifeCrypto in Frameworks */,
			);
			runOnlyForDeploymentPostprocessing = 0;
		};
		3670E96B26CD5FC100FD5B79 /* Frameworks */ = {
			isa = PBXFrameworksBuildPhase;
			buildActionMask = 2147483647;
			files = (
				36B32E8926D3EF1500D16306 /* Data4LifeCrypto in Frameworks */,
				3670E97326CD5FC100FD5B79 /* libDataDonationCryptoObjC.a in Frameworks */,
			);
			runOnlyForDeploymentPostprocessing = 0;
		};
		36B32E8E26D4E56200D16306 /* Frameworks */ = {
			isa = PBXFrameworksBuildPhase;
			buildActionMask = 2147483647;
			files = (
				36FA37E726D67FF600DDCC35 /* libDataDonationCryptoObjC.a in Frameworks */,
				36FA37E626D67FF600DDCC35 /* Data4LifeCrypto in Frameworks */,
			);
			runOnlyForDeploymentPostprocessing = 0;
		};
/* End PBXFrameworksBuildPhase section */

/* Begin PBXGroup section */
		3661D4BD26DE451600BC51F3 /* InternalServices */ = {
			isa = PBXGroup;
			children = (
				3661D4CE26DFBE6900BC51F3 /* CoreCryptoService.swift */,
				36B32E8226CFF10F00D16306 /* DonorKeyHolder.swift */,
			);
			path = InternalServices;
			sourceTree = "<group>";
		};
		3661D4C026DE5D1000BC51F3 /* ModelTests */ = {
			isa = PBXGroup;
			children = (
				3661D4C126DE5D1F00BC51F3 /* EncryptedDataTests.swift */,
			);
			path = ModelTests;
			sourceTree = "<group>";
		};
		3661D4C926DFB9DA00BC51F3 /* Model */ = {
			isa = PBXGroup;
			children = (
				3661D4CA26DFB9E900BC51F3 /* EncryptedData.swift */,
			);
			path = Model;
			sourceTree = "<group>";
		};
		3661D4E126E0D32B00BC51F3 /* TestModel */ = {
			isa = PBXGroup;
			children = (
				36B32EA326D4EACB00D16306 /* asymmetricDataDonationKeyPair.json */,
				3661D4D426DFD11800BC51F3 /* encryptedDataOutput.txt */,
				3661D4D626DFD16F00BC51F3 /* plainDataInput.txt */,
				3661D4D826DFD1D600BC51F3 /* symmetricKey.txt */,
				3661D4DC26DFD98300BC51F3 /* iv.txt */,
			);
			path = TestModel;
			sourceTree = "<group>";
		};
		3670E93026CBF02700FD5B79 = {
			isa = PBXGroup;
			children = (
				3670E93C26CBF02700FD5B79 /* DataDonationCryptoObjC */,
				3670E94726CBF02700FD5B79 /* DataDonationCryptoObjCTests */,
				36B32E9226D4E56200D16306 /* DataDonationCryptoHostApp */,
				3670E93B26CBF02700FD5B79 /* Products */,
				3670E96526CD1E6E00FD5B79 /* Frameworks */,
			);
			sourceTree = "<group>";
		};
		3670E93B26CBF02700FD5B79 /* Products */ = {
			isa = PBXGroup;
			children = (
				3670E95D26CD1E4A00FD5B79 /* libDataDonationCryptoObjC.a */,
				3670E96E26CD5FC100FD5B79 /* DataDonationCryptoObjCTests.xctest */,
				36B32E9126D4E56200D16306 /* DataDonationCryptoHostApp.app */,
			);
			name = Products;
			sourceTree = "<group>";
		};
		3670E93C26CBF02700FD5B79 /* DataDonationCryptoObjC */ = {
			isa = PBXGroup;
			children = (
				36FA37CC26D54A9900DDCC35 /* Sources */,
				3670E93D26CBF02700FD5B79 /* DataDonationCryptoObjC.h */,
				3670E96826CD286D00FD5B79 /* DataDonationCryptoObjC-BridgingHeader.h */,
				3670E93E26CBF02700FD5B79 /* Info.plist */,
			);
			path = DataDonationCryptoObjC;
			sourceTree = "<group>";
		};
		3670E94726CBF02700FD5B79 /* DataDonationCryptoObjCTests */ = {
			isa = PBXGroup;
			children = (
				3661D4C026DE5D1000BC51F3 /* ModelTests */,
				36FA37C426D53ED300DDCC35 /* UnitTests */,
				36FA37C326D53EC700DDCC35 /* ModuleTests */,
				36B32EA726D513DD00D16306 /* Extension */,
				36B32EA226D4EAAE00D16306 /* Resources */,
				36B32E8A26D3EF6A00D16306 /* Factories */,
				36B32E8726D3DCBA00D16306 /* Mocks */,
				3670E94A26CBF02800FD5B79 /* Info.plist */,
			);
			path = DataDonationCryptoObjCTests;
			sourceTree = "<group>";
		};
		3670E96526CD1E6E00FD5B79 /* Frameworks */ = {
			isa = PBXGroup;
			children = (
			);
			name = Frameworks;
			sourceTree = "<group>";
		};
		367B639826E268270020C4B5 /* Services */ = {
			isa = PBXGroup;
			children = (
				3670E95726CBF11200FD5B79 /* KeychainKeyProvider.swift */,
				3661D4BE26DE45FF00BC51F3 /* DataDonationCryptor.swift */,
				367B639626E264D00020C4B5 /* DataDonationSigner.swift */,
			);
			path = Services;
			sourceTree = "<group>";
		};
		36B32E8726D3DCBA00D16306 /* Mocks */ = {
			isa = PBXGroup;
			children = (
				3661D4D026DFC2A400BC51F3 /* CoreCryptoServiceMock.swift */,
				36B32E8526D3DCB600D16306 /* DonorKeyHolderMock.swift */,
				3661D4C526DE6F3700BC51F3 /* IVGeneratorMock.swift */,
				3661D4D226DFC2F700BC51F3 /* MockError.swift */,
			);
			path = Mocks;
			sourceTree = "<group>";
		};
		36B32E8A26D3EF6A00D16306 /* Factories */ = {
			isa = PBXGroup;
			children = (
				36B32E8B26D3EF8A00D16306 /* KeyFixtureFactory.swift */,
				3661D4DA26DFD36E00BC51F3 /* CryptedDataFactory.swift */,
			);
			path = Factories;
			sourceTree = "<group>";
		};
		36B32E9226D4E56200D16306 /* DataDonationCryptoHostApp */ = {
			isa = PBXGroup;
			children = (
				36B32E9326D4E56300D16306 /* DataDonationCryptoHostAppApp.swift */,
				36B32E9526D4E56300D16306 /* ContentView.swift */,
				36B32E9726D4E56500D16306 /* Assets.xcassets */,
				36B32E9C26D4E56500D16306 /* Info.plist */,
				36B32E9926D4E56500D16306 /* Preview Content */,
			);
			path = DataDonationCryptoHostApp;
			sourceTree = "<group>";
		};
		36B32E9926D4E56500D16306 /* Preview Content */ = {
			isa = PBXGroup;
			children = (
				36B32E9A26D4E56500D16306 /* Preview Assets.xcassets */,
			);
			path = "Preview Content";
			sourceTree = "<group>";
		};
		36B32EA226D4EAAE00D16306 /* Resources */ = {
			isa = PBXGroup;
			children = (
				3661D4E126E0D32B00BC51F3 /* TestModel */,
			);
			path = Resources;
			sourceTree = "<group>";
		};
		36B32EA726D513DD00D16306 /* Extension */ = {
			isa = PBXGroup;
			children = (
				36B32EA826D5140C00D16306 /* Bundle+Tests.swift */,
			);
			path = Extension;
			sourceTree = "<group>";
		};
		36FA37C326D53EC700DDCC35 /* ModuleTests */ = {
			isa = PBXGroup;
			children = (
				3670E94826CBF02700FD5B79 /* KeychainKeyProviderModuleTests.swift */,
				3661D4DF26E0D0C800BC51F3 /* DataDonationCryptorModuleTests.swift */,
			);
			path = ModuleTests;
			sourceTree = "<group>";
		};
		36FA37C426D53ED300DDCC35 /* UnitTests */ = {
			isa = PBXGroup;
			children = (
				36FA37C526D53F2400DDCC35 /* KeychainKeyProviderTests.swift */,
				36FA37C726D5459500DDCC35 /* DonorKeyHolderTests.swift */,
				3661D4C326DE6D3A00BC51F3 /* DataDonationCryptorTests.swift */,
			);
			path = UnitTests;
			sourceTree = "<group>";
		};
		36FA37CC26D54A9900DDCC35 /* Sources */ = {
			isa = PBXGroup;
			children = (
				367B639826E268270020C4B5 /* Services */,
				3661D4C926DFB9DA00BC51F3 /* Model */,
				3661D4BD26DE451600BC51F3 /* InternalServices */,
				36FA37CA26D54A1800DDCC35 /* DataDonationCryptoObjC.swift */,
				36FA37CD26D54AC200DDCC35 /* DataDonationCryptoObjCError.swift */,
				3661D4CC26DFBDDC00BC51F3 /* DataDonationCryptoObjCFactory.swift */,
			);
			path = Sources;
			sourceTree = "<group>";
		};
/* End PBXGroup section */

/* Begin PBXNativeTarget section */
		3670E95C26CD1E4A00FD5B79 /* DataDonationCryptoObjC */ = {
			isa = PBXNativeTarget;
			buildConfigurationList = 3670E96126CD1E4A00FD5B79 /* Build configuration list for PBXNativeTarget "DataDonationCryptoObjC" */;
			buildPhases = (
				3670E95926CD1E4A00FD5B79 /* Sources */,
				3670E95A26CD1E4A00FD5B79 /* Frameworks */,
				3670E95B26CD1E4A00FD5B79 /* CopyFiles */,
				3670E96926CD28C900FD5B79 /* Export Swift Generated Header */,
			);
			buildRules = (
			);
			dependencies = (
			);
			name = DataDonationCryptoObjC;
			packageProductDependencies = (
				36FA37EB26D7CA6A00DDCC35 /* Data4LifeCrypto */,
			);
			productName = DataDonationCryptoObjC;
			productReference = 3670E95D26CD1E4A00FD5B79 /* libDataDonationCryptoObjC.a */;
			productType = "com.apple.product-type.library.static";
		};
		3670E96D26CD5FC100FD5B79 /* DataDonationCryptoObjCTests */ = {
			isa = PBXNativeTarget;
			buildConfigurationList = 3670E97826CD5FC100FD5B79 /* Build configuration list for PBXNativeTarget "DataDonationCryptoObjCTests" */;
			buildPhases = (
				3670E96A26CD5FC100FD5B79 /* Sources */,
				3670E96B26CD5FC100FD5B79 /* Frameworks */,
				3670E96C26CD5FC100FD5B79 /* Resources */,
			);
			buildRules = (
			);
			dependencies = (
				3670E97526CD5FC100FD5B79 /* PBXTargetDependency */,
				36B32EA126D4E5A200D16306 /* PBXTargetDependency */,
			);
			name = DataDonationCryptoObjCTests;
			packageProductDependencies = (
				36B32E8826D3EF1500D16306 /* Data4LifeCrypto */,
			);
			productName = DataDonationCryptoObjCTests;
			productReference = 3670E96E26CD5FC100FD5B79 /* DataDonationCryptoObjCTests.xctest */;
			productType = "com.apple.product-type.bundle.unit-test";
		};
		36B32E9026D4E56200D16306 /* DataDonationCryptoHostApp */ = {
			isa = PBXNativeTarget;
			buildConfigurationList = 36B32E9D26D4E56500D16306 /* Build configuration list for PBXNativeTarget "DataDonationCryptoHostApp" */;
			buildPhases = (
				36B32E8D26D4E56200D16306 /* Sources */,
				36B32E8E26D4E56200D16306 /* Frameworks */,
				36B32E8F26D4E56200D16306 /* Resources */,
			);
			buildRules = (
			);
			dependencies = (
				36FA37E926D67FF600DDCC35 /* PBXTargetDependency */,
			);
			name = DataDonationCryptoHostApp;
			packageProductDependencies = (
				36FA37E526D67FF600DDCC35 /* Data4LifeCrypto */,
			);
			productName = DataDonationCryptoHostApp;
			productReference = 36B32E9126D4E56200D16306 /* DataDonationCryptoHostApp.app */;
			productType = "com.apple.product-type.application";
		};
/* End PBXNativeTarget section */

/* Begin PBXProject section */
		3670E93126CBF02700FD5B79 /* Project object */ = {
			isa = PBXProject;
			attributes = {
				LastSwiftUpdateCheck = 1250;
				LastUpgradeCheck = 1250;
				TargetAttributes = {
					3670E95C26CD1E4A00FD5B79 = {
						CreatedOnToolsVersion = 12.5;
					};
					3670E96D26CD5FC100FD5B79 = {
						CreatedOnToolsVersion = 12.5;
						TestTargetID = 36B32E9026D4E56200D16306;
					};
					36B32E9026D4E56200D16306 = {
						CreatedOnToolsVersion = 12.5;
					};
				};
			};
			buildConfigurationList = 3670E93426CBF02700FD5B79 /* Build configuration list for PBXProject "DataDonationCryptoObjC" */;
			compatibilityVersion = "Xcode 9.3";
			developmentRegion = en;
			hasScannedForEncodings = 0;
			knownRegions = (
				en,
				Base,
			);
			mainGroup = 3670E93026CBF02700FD5B79;
			packageReferences = (
				36FA37EA26D7CA6A00DDCC35 /* XCRemoteSwiftPackageReference "d4l-crypto-ios" */,
			);
			productRefGroup = 3670E93B26CBF02700FD5B79 /* Products */;
			projectDirPath = "";
			projectRoot = "";
			targets = (
				3670E95C26CD1E4A00FD5B79 /* DataDonationCryptoObjC */,
				3670E96D26CD5FC100FD5B79 /* DataDonationCryptoObjCTests */,
				36B32E9026D4E56200D16306 /* DataDonationCryptoHostApp */,
			);
		};
/* End PBXProject section */

/* Begin PBXResourcesBuildPhase section */
		3670E96C26CD5FC100FD5B79 /* Resources */ = {
			isa = PBXResourcesBuildPhase;
			buildActionMask = 2147483647;
			files = (
				3661D4DD26DFD98300BC51F3 /* iv.txt in Resources */,
				3661D4D926DFD1D600BC51F3 /* symmetricKey.txt in Resources */,
				36B32EA426D4EACB00D16306 /* asymmetricDataDonationKeyPair.json in Resources */,
				3661D4D526DFD11800BC51F3 /* encryptedDataOutput.txt in Resources */,
				3661D4D726DFD16F00BC51F3 /* plainDataInput.txt in Resources */,
			);
			runOnlyForDeploymentPostprocessing = 0;
		};
		36B32E8F26D4E56200D16306 /* Resources */ = {
			isa = PBXResourcesBuildPhase;
			buildActionMask = 2147483647;
			files = (
				36B32E9B26D4E56500D16306 /* Preview Assets.xcassets in Resources */,
				36B32E9826D4E56500D16306 /* Assets.xcassets in Resources */,
			);
			runOnlyForDeploymentPostprocessing = 0;
		};
/* End PBXResourcesBuildPhase section */

/* Begin PBXShellScriptBuildPhase section */
		3670E96926CD28C900FD5B79 /* Export Swift Generated Header */ = {
			isa = PBXShellScriptBuildPhase;
			buildActionMask = 2147483647;
			files = (
			);
			inputFileListPaths = (
			);
			inputPaths = (
			);
			name = "Export Swift Generated Header";
			outputFileListPaths = (
			);
			outputPaths = (
			);
			runOnlyForDeploymentPostprocessing = 0;
			shellPath = /bin/sh;
			shellScript = "# Type a script or drag a script file from your workspace to insert its path.\ntargetDir=${BUILT_PRODUCTS_DIR}/include/${PRODUCT_MODULE_NAME}/\nmkdir -p $targetDir\ncp ${DERIVED_SOURCES_DIR}/*-Swift.h ${targetDir}\n";
		};
/* End PBXShellScriptBuildPhase section */

/* Begin PBXSourcesBuildPhase section */
		3670E95926CD1E4A00FD5B79 /* Sources */ = {
			isa = PBXSourcesBuildPhase;
			buildActionMask = 2147483647;
			files = (
				367B639726E264D00020C4B5 /* DataDonationSigner.swift in Sources */,
				3661D4CB26DFB9E900BC51F3 /* EncryptedData.swift in Sources */,
				3670E96426CD1E5D00FD5B79 /* KeychainKeyProvider.swift in Sources */,
				36B32E8326CFF10F00D16306 /* DonorKeyHolder.swift in Sources */,
				3661D4BF26DE45FF00BC51F3 /* DataDonationCryptor.swift in Sources */,
				36FA37CE26D54AC200DDCC35 /* DataDonationCryptoObjCError.swift in Sources */,
				3661D4CF26DFBE6900BC51F3 /* CoreCryptoService.swift in Sources */,
				3661D4CD26DFBDDC00BC51F3 /* DataDonationCryptoObjCFactory.swift in Sources */,
				36FA37CB26D54A1800DDCC35 /* DataDonationCryptoObjC.swift in Sources */,
			);
			runOnlyForDeploymentPostprocessing = 0;
		};
		3670E96A26CD5FC100FD5B79 /* Sources */ = {
			isa = PBXSourcesBuildPhase;
			buildActionMask = 2147483647;
			files = (
				3661D4D326DFC2F700BC51F3 /* MockError.swift in Sources */,
				36FA37C626D53F2400DDCC35 /* KeychainKeyProviderTests.swift in Sources */,
				3661D4D126DFC2A400BC51F3 /* CoreCryptoServiceMock.swift in Sources */,
				36B32E8426CFF3AF00D16306 /* KeychainKeyProviderModuleTests.swift in Sources */,
				36B32EA926D5140C00D16306 /* Bundle+Tests.swift in Sources */,
				3661D4C626DE6F3700BC51F3 /* IVGeneratorMock.swift in Sources */,
				36B32E8626D3DCB600D16306 /* DonorKeyHolderMock.swift in Sources */,
				36FA37C826D5459500DDCC35 /* DonorKeyHolderTests.swift in Sources */,
				3661D4DB26DFD36E00BC51F3 /* CryptedDataFactory.swift in Sources */,
				3661D4C426DE6D3A00BC51F3 /* DataDonationCryptorTests.swift in Sources */,
				3661D4C226DE5D1F00BC51F3 /* EncryptedDataTests.swift in Sources */,
				3661D4E026E0D0C800BC51F3 /* DataDonationCryptorModuleTests.swift in Sources */,
				36B32E8C26D3EF8A00D16306 /* KeyFixtureFactory.swift in Sources */,
			);
			runOnlyForDeploymentPostprocessing = 0;
		};
		36B32E8D26D4E56200D16306 /* Sources */ = {
			isa = PBXSourcesBuildPhase;
			buildActionMask = 2147483647;
			files = (
				36B32E9626D4E56300D16306 /* ContentView.swift in Sources */,
				36B32E9426D4E56300D16306 /* DataDonationCryptoHostAppApp.swift in Sources */,
			);
			runOnlyForDeploymentPostprocessing = 0;
		};
/* End PBXSourcesBuildPhase section */

/* Begin PBXTargetDependency section */
		3670E97526CD5FC100FD5B79 /* PBXTargetDependency */ = {
			isa = PBXTargetDependency;
			target = 3670E95C26CD1E4A00FD5B79 /* DataDonationCryptoObjC */;
			targetProxy = 3670E97426CD5FC100FD5B79 /* PBXContainerItemProxy */;
		};
		36B32EA126D4E5A200D16306 /* PBXTargetDependency */ = {
			isa = PBXTargetDependency;
			target = 36B32E9026D4E56200D16306 /* DataDonationCryptoHostApp */;
			targetProxy = 36B32EA026D4E5A200D16306 /* PBXContainerItemProxy */;
		};
		36FA37E926D67FF600DDCC35 /* PBXTargetDependency */ = {
			isa = PBXTargetDependency;
			target = 3670E95C26CD1E4A00FD5B79 /* DataDonationCryptoObjC */;
			targetProxy = 36FA37E826D67FF600DDCC35 /* PBXContainerItemProxy */;
		};
/* End PBXTargetDependency section */

/* Begin XCBuildConfiguration section */
		3670E94C26CBF02800FD5B79 /* Debug */ = {
			isa = XCBuildConfiguration;
			buildSettings = {
				ALWAYS_SEARCH_USER_PATHS = NO;
				CLANG_ANALYZER_NONNULL = YES;
				CLANG_ANALYZER_NUMBER_OBJECT_CONVERSION = YES_AGGRESSIVE;
				CLANG_CXX_LANGUAGE_STANDARD = "gnu++14";
				CLANG_CXX_LIBRARY = "libc++";
				CLANG_ENABLE_MODULES = YES;
				CLANG_ENABLE_OBJC_ARC = YES;
				CLANG_ENABLE_OBJC_WEAK = YES;
				CLANG_WARN_BLOCK_CAPTURE_AUTORELEASING = YES;
				CLANG_WARN_BOOL_CONVERSION = YES;
				CLANG_WARN_COMMA = YES;
				CLANG_WARN_CONSTANT_CONVERSION = YES;
				CLANG_WARN_DEPRECATED_OBJC_IMPLEMENTATIONS = YES;
				CLANG_WARN_DIRECT_OBJC_ISA_USAGE = YES_ERROR;
				CLANG_WARN_DOCUMENTATION_COMMENTS = YES;
				CLANG_WARN_EMPTY_BODY = YES;
				CLANG_WARN_ENUM_CONVERSION = YES;
				CLANG_WARN_INFINITE_RECURSION = YES;
				CLANG_WARN_INT_CONVERSION = YES;
				CLANG_WARN_NON_LITERAL_NULL_CONVERSION = YES;
				CLANG_WARN_OBJC_IMPLICIT_RETAIN_SELF = YES;
				CLANG_WARN_OBJC_LITERAL_CONVERSION = YES;
				CLANG_WARN_OBJC_ROOT_CLASS = YES_ERROR;
				CLANG_WARN_QUOTED_INCLUDE_IN_FRAMEWORK_HEADER = YES;
				CLANG_WARN_RANGE_LOOP_ANALYSIS = YES;
				CLANG_WARN_STRICT_PROTOTYPES = YES;
				CLANG_WARN_SUSPICIOUS_MOVE = YES;
				CLANG_WARN_UNGUARDED_AVAILABILITY = YES_AGGRESSIVE;
				CLANG_WARN_UNREACHABLE_CODE = YES;
				CLANG_WARN__DUPLICATE_METHOD_MATCH = YES;
				COPY_PHASE_STRIP = NO;
				CURRENT_PROJECT_VERSION = 1;
				DEBUG_INFORMATION_FORMAT = dwarf;
				ENABLE_STRICT_OBJC_MSGSEND = YES;
				ENABLE_TESTABILITY = YES;
				GCC_C_LANGUAGE_STANDARD = gnu11;
				GCC_DYNAMIC_NO_PIC = NO;
				GCC_NO_COMMON_BLOCKS = YES;
				GCC_OPTIMIZATION_LEVEL = 0;
				GCC_PREPROCESSOR_DEFINITIONS = (
					"DEBUG=1",
					"$(inherited)",
				);
				GCC_WARN_64_TO_32_BIT_CONVERSION = YES;
				GCC_WARN_ABOUT_RETURN_TYPE = YES_ERROR;
				GCC_WARN_UNDECLARED_SELECTOR = YES;
				GCC_WARN_UNINITIALIZED_AUTOS = YES_AGGRESSIVE;
				GCC_WARN_UNUSED_FUNCTION = YES;
				GCC_WARN_UNUSED_VARIABLE = YES;
				IPHONEOS_DEPLOYMENT_TARGET = 14.5;
				MTL_ENABLE_DEBUG_INFO = INCLUDE_SOURCE;
				MTL_FAST_MATH = YES;
				ONLY_ACTIVE_ARCH = YES;
				SDKROOT = iphoneos;
				SWIFT_ACTIVE_COMPILATION_CONDITIONS = DEBUG;
				SWIFT_OPTIMIZATION_LEVEL = "-Onone";
				VERSIONING_SYSTEM = "apple-generic";
				VERSION_INFO_PREFIX = "";
			};
			name = Debug;
		};
		3670E94D26CBF02800FD5B79 /* Release */ = {
			isa = XCBuildConfiguration;
			buildSettings = {
				ALWAYS_SEARCH_USER_PATHS = NO;
				CLANG_ANALYZER_NONNULL = YES;
				CLANG_ANALYZER_NUMBER_OBJECT_CONVERSION = YES_AGGRESSIVE;
				CLANG_CXX_LANGUAGE_STANDARD = "gnu++14";
				CLANG_CXX_LIBRARY = "libc++";
				CLANG_ENABLE_MODULES = YES;
				CLANG_ENABLE_OBJC_ARC = YES;
				CLANG_ENABLE_OBJC_WEAK = YES;
				CLANG_WARN_BLOCK_CAPTURE_AUTORELEASING = YES;
				CLANG_WARN_BOOL_CONVERSION = YES;
				CLANG_WARN_COMMA = YES;
				CLANG_WARN_CONSTANT_CONVERSION = YES;
				CLANG_WARN_DEPRECATED_OBJC_IMPLEMENTATIONS = YES;
				CLANG_WARN_DIRECT_OBJC_ISA_USAGE = YES_ERROR;
				CLANG_WARN_DOCUMENTATION_COMMENTS = YES;
				CLANG_WARN_EMPTY_BODY = YES;
				CLANG_WARN_ENUM_CONVERSION = YES;
				CLANG_WARN_INFINITE_RECURSION = YES;
				CLANG_WARN_INT_CONVERSION = YES;
				CLANG_WARN_NON_LITERAL_NULL_CONVERSION = YES;
				CLANG_WARN_OBJC_IMPLICIT_RETAIN_SELF = YES;
				CLANG_WARN_OBJC_LITERAL_CONVERSION = YES;
				CLANG_WARN_OBJC_ROOT_CLASS = YES_ERROR;
				CLANG_WARN_QUOTED_INCLUDE_IN_FRAMEWORK_HEADER = YES;
				CLANG_WARN_RANGE_LOOP_ANALYSIS = YES;
				CLANG_WARN_STRICT_PROTOTYPES = YES;
				CLANG_WARN_SUSPICIOUS_MOVE = YES;
				CLANG_WARN_UNGUARDED_AVAILABILITY = YES_AGGRESSIVE;
				CLANG_WARN_UNREACHABLE_CODE = YES;
				CLANG_WARN__DUPLICATE_METHOD_MATCH = YES;
				COPY_PHASE_STRIP = NO;
				CURRENT_PROJECT_VERSION = 1;
				DEBUG_INFORMATION_FORMAT = "dwarf-with-dsym";
				ENABLE_NS_ASSERTIONS = NO;
				ENABLE_STRICT_OBJC_MSGSEND = YES;
				GCC_C_LANGUAGE_STANDARD = gnu11;
				GCC_NO_COMMON_BLOCKS = YES;
				GCC_WARN_64_TO_32_BIT_CONVERSION = YES;
				GCC_WARN_ABOUT_RETURN_TYPE = YES_ERROR;
				GCC_WARN_UNDECLARED_SELECTOR = YES;
				GCC_WARN_UNINITIALIZED_AUTOS = YES_AGGRESSIVE;
				GCC_WARN_UNUSED_FUNCTION = YES;
				GCC_WARN_UNUSED_VARIABLE = YES;
				IPHONEOS_DEPLOYMENT_TARGET = 14.5;
				MTL_ENABLE_DEBUG_INFO = NO;
				MTL_FAST_MATH = YES;
				SDKROOT = iphoneos;
				SWIFT_COMPILATION_MODE = wholemodule;
				SWIFT_OPTIMIZATION_LEVEL = "-O";
				VALIDATE_PRODUCT = YES;
				VERSIONING_SYSTEM = "apple-generic";
				VERSION_INFO_PREFIX = "";
			};
			name = Release;
		};
		3670E96226CD1E4A00FD5B79 /* Debug */ = {
			isa = XCBuildConfiguration;
			buildSettings = {
				CODE_SIGN_STYLE = Automatic;
				DEVELOPMENT_TEAM = D2QJWMP9SU;
				INSTALL_PATH = /Library;
				IPHONEOS_DEPLOYMENT_TARGET = 13.0;
				OTHER_LDFLAGS = "-ObjC";
				PRIVATE_HEADERS_FOLDER_PATH = /Headers;
				PRODUCT_NAME = "$(TARGET_NAME)";
				PUBLIC_HEADERS_FOLDER_PATH = /Headers;
				SKIP_INSTALL = NO;
				SWIFT_OBJC_BRIDGING_HEADER = "DataDonationCryptoObjC/DataDonationCryptoObjC-BridgingHeader.h";
				SWIFT_VERSION = 5.0;
				TARGETED_DEVICE_FAMILY = "1,2";
				TVOS_DEPLOYMENT_TARGET = 13.0;
			};
			name = Debug;
		};
		3670E96326CD1E4A00FD5B79 /* Release */ = {
			isa = XCBuildConfiguration;
			buildSettings = {
				CODE_SIGN_STYLE = Automatic;
				DEVELOPMENT_TEAM = D2QJWMP9SU;
				INSTALL_PATH = /Library;
				IPHONEOS_DEPLOYMENT_TARGET = 13.0;
				OTHER_LDFLAGS = "-ObjC";
				PRIVATE_HEADERS_FOLDER_PATH = /Headers;
				PRODUCT_NAME = "$(TARGET_NAME)";
				PUBLIC_HEADERS_FOLDER_PATH = /Headers;
				SKIP_INSTALL = NO;
				SWIFT_OBJC_BRIDGING_HEADER = "DataDonationCryptoObjC/DataDonationCryptoObjC-BridgingHeader.h";
				SWIFT_VERSION = 5.0;
				TARGETED_DEVICE_FAMILY = "1,2";
				TVOS_DEPLOYMENT_TARGET = 13.0;
			};
			name = Release;
		};
		3670E97626CD5FC100FD5B79 /* Debug */ = {
			isa = XCBuildConfiguration;
			buildSettings = {
				BUNDLE_LOADER = "$(TEST_HOST)";
				CODE_SIGN_STYLE = Automatic;
				DEVELOPMENT_TEAM = D2QJWMP9SU;
				INFOPLIST_FILE = DataDonationCryptoObjCTests/Info.plist;
				IPHONEOS_DEPLOYMENT_TARGET = 13.0;
				LD_RUNPATH_SEARCH_PATHS = (
					"$(inherited)",
					"@executable_path/Frameworks",
					"@loader_path/Frameworks",
				);
				PRODUCT_BUNDLE_IDENTIFIER = de.gesundheitscloud.DataDonationCryptoObjCTests;
				PRODUCT_NAME = "$(TARGET_NAME)";
				SWIFT_VERSION = 5.0;
				TARGETED_DEVICE_FAMILY = "1,2";
				TEST_HOST = "$(BUILT_PRODUCTS_DIR)/DataDonationCryptoHostApp.app/DataDonationCryptoHostApp";
				TVOS_DEPLOYMENT_TARGET = 13.0;
			};
			name = Debug;
		};
		3670E97726CD5FC100FD5B79 /* Release */ = {
			isa = XCBuildConfiguration;
			buildSettings = {
				BUNDLE_LOADER = "$(TEST_HOST)";
				CODE_SIGN_STYLE = Automatic;
				DEVELOPMENT_TEAM = D2QJWMP9SU;
				INFOPLIST_FILE = DataDonationCryptoObjCTests/Info.plist;
				IPHONEOS_DEPLOYMENT_TARGET = 13.0;
				LD_RUNPATH_SEARCH_PATHS = (
					"$(inherited)",
					"@executable_path/Frameworks",
					"@loader_path/Frameworks",
				);
				PRODUCT_BUNDLE_IDENTIFIER = de.gesundheitscloud.DataDonationCryptoObjCTests;
				PRODUCT_NAME = "$(TARGET_NAME)";
				SWIFT_VERSION = 5.0;
				TARGETED_DEVICE_FAMILY = "1,2";
				TEST_HOST = "$(BUILT_PRODUCTS_DIR)/DataDonationCryptoHostApp.app/DataDonationCryptoHostApp";
				TVOS_DEPLOYMENT_TARGET = 13.0;
			};
			name = Release;
		};
		36B32E9E26D4E56500D16306 /* Debug */ = {
			isa = XCBuildConfiguration;
			buildSettings = {
				ASSETCATALOG_COMPILER_APPICON_NAME = AppIcon;
				ASSETCATALOG_COMPILER_GLOBAL_ACCENT_COLOR_NAME = AccentColor;
				CODE_SIGN_STYLE = Automatic;
				DEVELOPMENT_ASSET_PATHS = "\"DataDonationCryptoHostApp/Preview Content\"";
				DEVELOPMENT_TEAM = D2QJWMP9SU;
				ENABLE_PREVIEWS = YES;
				INFOPLIST_FILE = DataDonationCryptoHostApp/Info.plist;
				IPHONEOS_DEPLOYMENT_TARGET = 14.0;
				LD_RUNPATH_SEARCH_PATHS = (
					"$(inherited)",
					"@executable_path/Frameworks",
				);
				PRODUCT_BUNDLE_IDENTIFIER = de.gesundheitscloud.DataDonationCryptoHostApp;
				PRODUCT_NAME = "$(TARGET_NAME)";
				SWIFT_VERSION = 5.0;
				TARGETED_DEVICE_FAMILY = "1,2";
				TVOS_DEPLOYMENT_TARGET = 13.0;
			};
			name = Debug;
		};
		36B32E9F26D4E56500D16306 /* Release */ = {
			isa = XCBuildConfiguration;
			buildSettings = {
				ASSETCATALOG_COMPILER_APPICON_NAME = AppIcon;
				ASSETCATALOG_COMPILER_GLOBAL_ACCENT_COLOR_NAME = AccentColor;
				CODE_SIGN_STYLE = Automatic;
				DEVELOPMENT_ASSET_PATHS = "\"DataDonationCryptoHostApp/Preview Content\"";
				DEVELOPMENT_TEAM = D2QJWMP9SU;
				ENABLE_PREVIEWS = YES;
				INFOPLIST_FILE = DataDonationCryptoHostApp/Info.plist;
				IPHONEOS_DEPLOYMENT_TARGET = 14.0;
				LD_RUNPATH_SEARCH_PATHS = (
					"$(inherited)",
					"@executable_path/Frameworks",
				);
				PRODUCT_BUNDLE_IDENTIFIER = de.gesundheitscloud.DataDonationCryptoHostApp;
				PRODUCT_NAME = "$(TARGET_NAME)";
				SWIFT_VERSION = 5.0;
				TARGETED_DEVICE_FAMILY = "1,2";
				TVOS_DEPLOYMENT_TARGET = 13.0;
			};
			name = Release;
		};
/* End XCBuildConfiguration section */

/* Begin XCConfigurationList section */
		3670E93426CBF02700FD5B79 /* Build configuration list for PBXProject "DataDonationCryptoObjC" */ = {
			isa = XCConfigurationList;
			buildConfigurations = (
				3670E94C26CBF02800FD5B79 /* Debug */,
				3670E94D26CBF02800FD5B79 /* Release */,
			);
			defaultConfigurationIsVisible = 0;
			defaultConfigurationName = Release;
		};
		3670E96126CD1E4A00FD5B79 /* Build configuration list for PBXNativeTarget "DataDonationCryptoObjC" */ = {
			isa = XCConfigurationList;
			buildConfigurations = (
				3670E96226CD1E4A00FD5B79 /* Debug */,
				3670E96326CD1E4A00FD5B79 /* Release */,
			);
			defaultConfigurationIsVisible = 0;
			defaultConfigurationName = Release;
		};
		3670E97826CD5FC100FD5B79 /* Build configuration list for PBXNativeTarget "DataDonationCryptoObjCTests" */ = {
			isa = XCConfigurationList;
			buildConfigurations = (
				3670E97626CD5FC100FD5B79 /* Debug */,
				3670E97726CD5FC100FD5B79 /* Release */,
			);
			defaultConfigurationIsVisible = 0;
			defaultConfigurationName = Release;
		};
		36B32E9D26D4E56500D16306 /* Build configuration list for PBXNativeTarget "DataDonationCryptoHostApp" */ = {
			isa = XCConfigurationList;
			buildConfigurations = (
				36B32E9E26D4E56500D16306 /* Debug */,
				36B32E9F26D4E56500D16306 /* Release */,
			);
			defaultConfigurationIsVisible = 0;
			defaultConfigurationName = Release;
		};
/* End XCConfigurationList section */

/* Begin XCRemoteSwiftPackageReference section */
		36FA37EA26D7CA6A00DDCC35 /* XCRemoteSwiftPackageReference "d4l-crypto-ios" */ = {
			isa = XCRemoteSwiftPackageReference;
			repositoryURL = "https://github.com/d4l-data4life/d4l-crypto-ios.git";
			requirement = {
				branch = "release/1.7.0/prepare-1.7.0";
				kind = branch;
			};
		};
/* End XCRemoteSwiftPackageReference section */

/* Begin XCSwiftPackageProductDependency section */
		36B32E8826D3EF1500D16306 /* Data4LifeCrypto */ = {
			isa = XCSwiftPackageProductDependency;
			productName = Data4LifeCrypto;
		};
		36FA37E526D67FF600DDCC35 /* Data4LifeCrypto */ = {
			isa = XCSwiftPackageProductDependency;
			productName = Data4LifeCrypto;
		};
		36FA37EB26D7CA6A00DDCC35 /* Data4LifeCrypto */ = {
			isa = XCSwiftPackageProductDependency;
			package = 36FA37EA26D7CA6A00DDCC35 /* XCRemoteSwiftPackageReference "d4l-crypto-ios" */;
			productName = Data4LifeCrypto;
		};
/* End XCSwiftPackageProductDependency section */
	};
	rootObject = 3670E93126CBF02700FD5B79 /* Project object */;
}
