// !$*UTF8*$!
{
	archiveVersion = 1;
	classes = {
	};
	objectVersion = 52;
	objects = {

/* Begin PBXAggregateTarget section */
		4B266121254701E00068ED3D /* lib */ = {
			isa = PBXAggregateTarget;
			buildConfigurationList = 4B266122254701E00068ED3D /* Build configuration list for PBXAggregateTarget "lib" */;
			buildPhases = (
			);
			dependencies = (
			);
			name = lib;
			productName = lib;
		};
		4B74734D253F1C0000F6F2DA /* universal-crypto */ = {
			isa = PBXAggregateTarget;
			buildConfigurationList = 4B747350253F1C0000F6F2DA /* Build configuration list for PBXAggregateTarget "universal-crypto" */;
			buildPhases = (
				4BB13D25253F1C6500DE3B7C /* ShellScript */,
			);
			dependencies = (
			);
			name = "universal-crypto";
			productName = "universal-crypto";
		};
/* End PBXAggregateTarget section */

/* Begin PBXBuildFile section */
		0AD8CDCB2508E3220099DFDE /* iOSCryptoDD.framework in Frameworks */ = {isa = PBXBuildFile; fileRef = 0AD8CDC12508E3220099DFDE /* iOSCryptoDD.framework */; };
		0AD8CDD02508E3220099DFDE /* iOSCryptoDDTests.swift in Sources */ = {isa = PBXBuildFile; fileRef = 0AD8CDCF2508E3220099DFDE /* iOSCryptoDDTests.swift */; };
		0AD8CDD22508E3220099DFDE /* iOSCryptoDD.h in Headers */ = {isa = PBXBuildFile; fileRef = 0AD8CDC42508E3220099DFDE /* iOSCryptoDD.h */; settings = {ATTRIBUTES = (Public, ); }; };
		0AD8CE0C2508E3FD0099DFDE /* iOSCryptoDD.swift in Sources */ = {isa = PBXBuildFile; fileRef = 0AD8CE0B2508E3FD0099DFDE /* iOSCryptoDD.swift */; };
		0AD8CE1C2508E72B0099DFDE /* CryptoSwift in Frameworks */ = {isa = PBXBuildFile; productRef = 0AD8CE1B2508E72B0099DFDE /* CryptoSwift */; };
		0AD8CED9250A615E0099DFDE /* AppDelegate.m in Sources */ = {isa = PBXBuildFile; fileRef = 0AD8CED8250A615E0099DFDE /* AppDelegate.m */; };
		0AD8CEDC250A615E0099DFDE /* SceneDelegate.m in Sources */ = {isa = PBXBuildFile; fileRef = 0AD8CEDB250A615E0099DFDE /* SceneDelegate.m */; };
		0AD8CEDF250A615E0099DFDE /* ViewController.m in Sources */ = {isa = PBXBuildFile; fileRef = 0AD8CEDE250A615E0099DFDE /* ViewController.m */; };
		0AD8CEE2250A615E0099DFDE /* Main.storyboard in Resources */ = {isa = PBXBuildFile; fileRef = 0AD8CEE0250A615E0099DFDE /* Main.storyboard */; };
		0AD8CEE4250A615F0099DFDE /* Assets.xcassets in Resources */ = {isa = PBXBuildFile; fileRef = 0AD8CEE3250A615F0099DFDE /* Assets.xcassets */; };
		0AD8CEE7250A615F0099DFDE /* LaunchScreen.storyboard in Resources */ = {isa = PBXBuildFile; fileRef = 0AD8CEE5250A615F0099DFDE /* LaunchScreen.storyboard */; };
		0AD8CEEA250A615F0099DFDE /* main.m in Sources */ = {isa = PBXBuildFile; fileRef = 0AD8CEE9250A615F0099DFDE /* main.m */; };
		0AD8CEF4250A61600099DFDE /* ObjCAppTests.m in Sources */ = {isa = PBXBuildFile; fileRef = 0AD8CEF3250A61600099DFDE /* ObjCAppTests.m */; };
		0AD8CF02250A623B0099DFDE /* iOSCryptoDD.framework in Frameworks */ = {isa = PBXBuildFile; fileRef = 0AD8CDC12508E3220099DFDE /* iOSCryptoDD.framework */; };
		0AD8CF03250A623B0099DFDE /* iOSCryptoDD.framework in Embed Frameworks */ = {isa = PBXBuildFile; fileRef = 0AD8CDC12508E3220099DFDE /* iOSCryptoDD.framework */; settings = {ATTRIBUTES = (CodeSignOnCopy, RemoveHeadersOnCopy, ); }; };
		4B73241925418B3000F76893 /* iOSCrypto.m in Sources */ = {isa = PBXBuildFile; fileRef = 4B73241825418B3000F76893 /* iOSCrypto.m */; };
		4B73241A25418B3000F76893 /* iOSCrypto.h in Copy Files */ = {isa = PBXBuildFile; fileRef = 4B73241725418B3000F76893 /* iOSCrypto.h */; };
		4B73241F25418B8D00F76893 /* CryptoSwift in Frameworks */ = {isa = PBXBuildFile; productRef = 4B73241E25418B8D00F76893 /* CryptoSwift */; };
		4B732420254197BA00F76893 /* iOSCryptoDD.swift in Sources */ = {isa = PBXBuildFile; fileRef = 0AD8CE0B2508E3FD0099DFDE /* iOSCryptoDD.swift */; };
		4B7324212541B52D00F76893 /* iOSCryptoDD.h in Sources */ = {isa = PBXBuildFile; fileRef = 0AD8CDC42508E3220099DFDE /* iOSCryptoDD.h */; };
		4BF5A6162549D22900C79BFB /* libiOSCryptoDDD.a in Copy Files */ = {isa = PBXBuildFile; fileRef = 4B73241525418B3000F76893 /* libiOSCryptoDDD.a */; };
/* End PBXBuildFile section */

/* Begin PBXContainerItemProxy section */
		0AD8CDCC2508E3220099DFDE /* PBXContainerItemProxy */ = {
			isa = PBXContainerItemProxy;
			containerPortal = 0AD8CDB82508E3220099DFDE /* Project object */;
			proxyType = 1;
			remoteGlobalIDString = 0AD8CDC02508E3220099DFDE;
			remoteInfo = iOSCryptoDD;
		};
		0AD8CEF0250A61600099DFDE /* PBXContainerItemProxy */ = {
			isa = PBXContainerItemProxy;
			containerPortal = 0AD8CDB82508E3220099DFDE /* Project object */;
			proxyType = 1;
			remoteGlobalIDString = 0AD8CED4250A615E0099DFDE;
			remoteInfo = ObjCApp;
		};
		0AD8CF04250A623B0099DFDE /* PBXContainerItemProxy */ = {
			isa = PBXContainerItemProxy;
			containerPortal = 0AD8CDB82508E3220099DFDE /* Project object */;
			proxyType = 1;
			remoteGlobalIDString = 0AD8CDC02508E3220099DFDE;
			remoteInfo = iOSCryptoDD;
		};
/* End PBXContainerItemProxy section */

/* Begin PBXCopyFilesBuildPhase section */
		0AD8CF06250A623B0099DFDE /* Embed Frameworks */ = {
			isa = PBXCopyFilesBuildPhase;
			buildActionMask = 2147483647;
			dstPath = "";
			dstSubfolderSpec = 10;
			files = (
				0AD8CF03250A623B0099DFDE /* iOSCryptoDD.framework in Embed Frameworks */,
			);
			name = "Embed Frameworks";
			runOnlyForDeploymentPostprocessing = 0;
		};
		4B73241325418B3000F76893 /* Copy Files */ = {
			isa = PBXCopyFilesBuildPhase;
			buildActionMask = 2147483647;
			dstPath = "include/$(PRODUCT_NAME)";
			dstSubfolderSpec = 16;
			files = (
				4BF5A6162549D22900C79BFB /* libiOSCryptoDDD.a in Copy Files */,
				4B73241A25418B3000F76893 /* iOSCrypto.h in Copy Files */,
			);
			name = "Copy Files";
			runOnlyForDeploymentPostprocessing = 0;
		};
/* End PBXCopyFilesBuildPhase section */

/* Begin PBXFileReference section */
		0AD8CDC12508E3220099DFDE /* iOSCryptoDD.framework */ = {isa = PBXFileReference; explicitFileType = wrapper.framework; includeInIndex = 0; path = iOSCryptoDD.framework; sourceTree = BUILT_PRODUCTS_DIR; };
		0AD8CDC42508E3220099DFDE /* iOSCryptoDD.h */ = {isa = PBXFileReference; lastKnownFileType = sourcecode.c.h; path = iOSCryptoDD.h; sourceTree = "<group>"; };
		0AD8CDC52508E3220099DFDE /* Info.plist */ = {isa = PBXFileReference; lastKnownFileType = text.plist; path = Info.plist; sourceTree = "<group>"; };
		0AD8CDCA2508E3220099DFDE /* iOSCryptoDDTests.xctest */ = {isa = PBXFileReference; explicitFileType = wrapper.cfbundle; includeInIndex = 0; path = iOSCryptoDDTests.xctest; sourceTree = BUILT_PRODUCTS_DIR; };
		0AD8CDCF2508E3220099DFDE /* iOSCryptoDDTests.swift */ = {isa = PBXFileReference; lastKnownFileType = sourcecode.swift; path = iOSCryptoDDTests.swift; sourceTree = "<group>"; };
		0AD8CDD12508E3220099DFDE /* Info.plist */ = {isa = PBXFileReference; lastKnownFileType = text.plist; name = Info.plist; path = iOSCryptoDDTests/Info.plist; sourceTree = SOURCE_ROOT; };
		0AD8CE0B2508E3FD0099DFDE /* iOSCryptoDD.swift */ = {isa = PBXFileReference; lastKnownFileType = sourcecode.swift; path = iOSCryptoDD.swift; sourceTree = "<group>"; };
		0AD8CED5250A615E0099DFDE /* ObjCApp.app */ = {isa = PBXFileReference; explicitFileType = wrapper.application; includeInIndex = 0; path = ObjCApp.app; sourceTree = BUILT_PRODUCTS_DIR; };
		0AD8CED7250A615E0099DFDE /* AppDelegate.h */ = {isa = PBXFileReference; lastKnownFileType = sourcecode.c.h; path = AppDelegate.h; sourceTree = "<group>"; };
		0AD8CED8250A615E0099DFDE /* AppDelegate.m */ = {isa = PBXFileReference; lastKnownFileType = sourcecode.c.objc; path = AppDelegate.m; sourceTree = "<group>"; };
		0AD8CEDA250A615E0099DFDE /* SceneDelegate.h */ = {isa = PBXFileReference; lastKnownFileType = sourcecode.c.h; path = SceneDelegate.h; sourceTree = "<group>"; };
		0AD8CEDB250A615E0099DFDE /* SceneDelegate.m */ = {isa = PBXFileReference; lastKnownFileType = sourcecode.c.objc; path = SceneDelegate.m; sourceTree = "<group>"; };
		0AD8CEDD250A615E0099DFDE /* ViewController.h */ = {isa = PBXFileReference; lastKnownFileType = sourcecode.c.h; path = ViewController.h; sourceTree = "<group>"; };
		0AD8CEDE250A615E0099DFDE /* ViewController.m */ = {isa = PBXFileReference; lastKnownFileType = sourcecode.c.objc; path = ViewController.m; sourceTree = "<group>"; };
		0AD8CEE1250A615E0099DFDE /* Base */ = {isa = PBXFileReference; lastKnownFileType = file.storyboard; name = Base; path = Base.lproj/Main.storyboard; sourceTree = "<group>"; };
		0AD8CEE3250A615F0099DFDE /* Assets.xcassets */ = {isa = PBXFileReference; lastKnownFileType = folder.assetcatalog; path = Assets.xcassets; sourceTree = "<group>"; };
		0AD8CEE6250A615F0099DFDE /* Base */ = {isa = PBXFileReference; lastKnownFileType = file.storyboard; name = Base; path = Base.lproj/LaunchScreen.storyboard; sourceTree = "<group>"; };
		0AD8CEE8250A615F0099DFDE /* Info.plist */ = {isa = PBXFileReference; lastKnownFileType = text.plist.xml; path = Info.plist; sourceTree = "<group>"; };
		0AD8CEE9250A615F0099DFDE /* main.m */ = {isa = PBXFileReference; lastKnownFileType = sourcecode.c.objc; path = main.m; sourceTree = "<group>"; };
		0AD8CEEF250A615F0099DFDE /* ObjCAppTests.xctest */ = {isa = PBXFileReference; explicitFileType = wrapper.cfbundle; includeInIndex = 0; path = ObjCAppTests.xctest; sourceTree = BUILT_PRODUCTS_DIR; };
		0AD8CEF3250A61600099DFDE /* ObjCAppTests.m */ = {isa = PBXFileReference; lastKnownFileType = sourcecode.c.objc; path = ObjCAppTests.m; sourceTree = "<group>"; };
		0AD8CEF5250A61600099DFDE /* Info.plist */ = {isa = PBXFileReference; lastKnownFileType = text.plist.xml; path = Info.plist; sourceTree = "<group>"; };
		4B73241525418B3000F76893 /* libiOSCryptoDDD.a */ = {isa = PBXFileReference; explicitFileType = archive.ar; includeInIndex = 0; path = libiOSCryptoDDD.a; sourceTree = BUILT_PRODUCTS_DIR; };
		4B73241725418B3000F76893 /* iOSCrypto.h */ = {isa = PBXFileReference; lastKnownFileType = sourcecode.c.h; path = iOSCrypto.h; sourceTree = "<group>"; };
		4B73241825418B3000F76893 /* iOSCrypto.m */ = {isa = PBXFileReference; lastKnownFileType = sourcecode.c.objc; path = iOSCrypto.m; sourceTree = "<group>"; };
		4BE3149625433D8E001EAB40 /* libswiftCore.tbd */ = {isa = PBXFileReference; lastKnownFileType = "sourcecode.text-based-dylib-definition"; name = libswiftCore.tbd; path = Platforms/MacOSX.platform/Developer/SDKs/MacOSX10.15.sdk/usr/lib/swift/libswiftCore.tbd; sourceTree = DEVELOPER_DIR; };
/* End PBXFileReference section */

/* Begin PBXFrameworksBuildPhase section */
		0AD8CDBE2508E3220099DFDE /* Frameworks */ = {
			isa = PBXFrameworksBuildPhase;
			buildActionMask = 2147483647;
			files = (
				0AD8CE1C2508E72B0099DFDE /* CryptoSwift in Frameworks */,
			);
			runOnlyForDeploymentPostprocessing = 0;
		};
		0AD8CDC72508E3220099DFDE /* Frameworks */ = {
			isa = PBXFrameworksBuildPhase;
			buildActionMask = 2147483647;
			files = (
				0AD8CDCB2508E3220099DFDE /* iOSCryptoDD.framework in Frameworks */,
			);
			runOnlyForDeploymentPostprocessing = 0;
		};
		0AD8CED2250A615E0099DFDE /* Frameworks */ = {
			isa = PBXFrameworksBuildPhase;
			buildActionMask = 2147483647;
			files = (
				0AD8CF02250A623B0099DFDE /* iOSCryptoDD.framework in Frameworks */,
			);
			runOnlyForDeploymentPostprocessing = 0;
		};
		0AD8CEEC250A615F0099DFDE /* Frameworks */ = {
			isa = PBXFrameworksBuildPhase;
			buildActionMask = 2147483647;
			files = (
			);
			runOnlyForDeploymentPostprocessing = 0;
		};
		4B73241225418B3000F76893 /* Frameworks */ = {
			isa = PBXFrameworksBuildPhase;
			buildActionMask = 2147483647;
			files = (
				4B73241F25418B8D00F76893 /* CryptoSwift in Frameworks */,
			);
			runOnlyForDeploymentPostprocessing = 0;
		};
/* End PBXFrameworksBuildPhase section */

/* Begin PBXGroup section */
		0AD8CDB72508E3220099DFDE = {
			isa = PBXGroup;
			children = (
				0AD8CDC32508E3220099DFDE /* iOSCryptoDD */,
				0AD8CDCE2508E3220099DFDE /* iOSCryptoDDTests */,
				0AD8CED6250A615E0099DFDE /* ObjCApp */,
				0AD8CEF2250A61600099DFDE /* ObjCAppTests */,
				4B73241625418B3000F76893 /* iOSCrypto */,
				0AD8CDC22508E3220099DFDE /* Products */,
				0AD8CEFC250A61710099DFDE /* Frameworks */,
			);
			sourceTree = "<group>";
		};
		0AD8CDC22508E3220099DFDE /* Products */ = {
			isa = PBXGroup;
			children = (
				0AD8CDC12508E3220099DFDE /* iOSCryptoDD.framework */,
				0AD8CDCA2508E3220099DFDE /* iOSCryptoDDTests.xctest */,
				0AD8CED5250A615E0099DFDE /* ObjCApp.app */,
				0AD8CEEF250A615F0099DFDE /* ObjCAppTests.xctest */,
				4B73241525418B3000F76893 /* libiOSCryptoDDD.a */,
			);
			name = Products;
			sourceTree = "<group>";
		};
		0AD8CDC32508E3220099DFDE /* iOSCryptoDD */ = {
			isa = PBXGroup;
			children = (
				0AD8CDC52508E3220099DFDE /* Info.plist */,
				0AD8CDC42508E3220099DFDE /* iOSCryptoDD.h */,
				0AD8CE0B2508E3FD0099DFDE /* iOSCryptoDD.swift */,
			);
			path = iOSCryptoDD;
			sourceTree = "<group>";
		};
		0AD8CDCE2508E3220099DFDE /* iOSCryptoDDTests */ = {
			isa = PBXGroup;
			children = (
				0AD8CDD12508E3220099DFDE /* Info.plist */,
				0AD8CDCF2508E3220099DFDE /* iOSCryptoDDTests.swift */,
			);
			path = iOSCryptoDDTests;
			sourceTree = "<group>";
		};
		0AD8CED6250A615E0099DFDE /* ObjCApp */ = {
			isa = PBXGroup;
			children = (
				0AD8CED7250A615E0099DFDE /* AppDelegate.h */,
				0AD8CED8250A615E0099DFDE /* AppDelegate.m */,
				0AD8CEDA250A615E0099DFDE /* SceneDelegate.h */,
				0AD8CEDB250A615E0099DFDE /* SceneDelegate.m */,
				0AD8CEDD250A615E0099DFDE /* ViewController.h */,
				0AD8CEDE250A615E0099DFDE /* ViewController.m */,
				0AD8CEE0250A615E0099DFDE /* Main.storyboard */,
				0AD8CEE3250A615F0099DFDE /* Assets.xcassets */,
				0AD8CEE5250A615F0099DFDE /* LaunchScreen.storyboard */,
				0AD8CEE8250A615F0099DFDE /* Info.plist */,
				0AD8CEE9250A615F0099DFDE /* main.m */,
			);
			path = ObjCApp;
			sourceTree = "<group>";
		};
		0AD8CEF2250A61600099DFDE /* ObjCAppTests */ = {
			isa = PBXGroup;
			children = (
				0AD8CEF3250A61600099DFDE /* ObjCAppTests.m */,
				0AD8CEF5250A61600099DFDE /* Info.plist */,
			);
			path = ObjCAppTests;
			sourceTree = "<group>";
		};
		0AD8CEFC250A61710099DFDE /* Frameworks */ = {
			isa = PBXGroup;
			children = (
				4BE3149625433D8E001EAB40 /* libswiftCore.tbd */,
			);
			name = Frameworks;
			sourceTree = "<group>";
		};
		4B73241625418B3000F76893 /* iOSCrypto */ = {
			isa = PBXGroup;
			children = (
				4B73241725418B3000F76893 /* iOSCrypto.h */,
				4B73241825418B3000F76893 /* iOSCrypto.m */,
			);
			path = iOSCrypto;
			sourceTree = "<group>";
		};
/* End PBXGroup section */

/* Begin PBXHeadersBuildPhase section */
		0AD8CDBC2508E3220099DFDE /* Headers */ = {
			isa = PBXHeadersBuildPhase;
			buildActionMask = 2147483647;
			files = (
				0AD8CDD22508E3220099DFDE /* iOSCryptoDD.h in Headers */,
			);
			runOnlyForDeploymentPostprocessing = 0;
		};
/* End PBXHeadersBuildPhase section */

/* Begin PBXNativeTarget section */
		0AD8CDC02508E3220099DFDE /* iOSCryptoDD */ = {
			isa = PBXNativeTarget;
			buildConfigurationList = 0AD8CDD52508E3220099DFDE /* Build configuration list for PBXNativeTarget "iOSCryptoDD" */;
			buildPhases = (
				0AD8CDBC2508E3220099DFDE /* Headers */,
				0AD8CDBD2508E3220099DFDE /* Sources */,
				0AD8CDBE2508E3220099DFDE /* Frameworks */,
				0AD8CDBF2508E3220099DFDE /* Resources */,
				4BB13D2625402EFB00DE3B7C /* ShellScript */,
			);
			buildRules = (
			);
			dependencies = (
			);
			name = iOSCryptoDD;
			packageProductDependencies = (
				0AD8CE1B2508E72B0099DFDE /* CryptoSwift */,
			);
			productName = iOSCryptoDD;
			productReference = 0AD8CDC12508E3220099DFDE /* iOSCryptoDD.framework */;
			productType = "com.apple.product-type.framework";
		};
		0AD8CDC92508E3220099DFDE /* iOSCryptoDDTests */ = {
			isa = PBXNativeTarget;
			buildConfigurationList = 0AD8CDD82508E3220099DFDE /* Build configuration list for PBXNativeTarget "iOSCryptoDDTests" */;
			buildPhases = (
				0AD8CDC62508E3220099DFDE /* Sources */,
				0AD8CDC72508E3220099DFDE /* Frameworks */,
				0AD8CDC82508E3220099DFDE /* Resources */,
			);
			buildRules = (
			);
			dependencies = (
				0AD8CDCD2508E3220099DFDE /* PBXTargetDependency */,
			);
			name = iOSCryptoDDTests;
			productName = iOSCryptoDDTests;
			productReference = 0AD8CDCA2508E3220099DFDE /* iOSCryptoDDTests.xctest */;
			productType = "com.apple.product-type.bundle.unit-test";
		};
		0AD8CED4250A615E0099DFDE /* ObjCApp */ = {
			isa = PBXNativeTarget;
			buildConfigurationList = 0AD8CEF6250A61600099DFDE /* Build configuration list for PBXNativeTarget "ObjCApp" */;
			buildPhases = (
				0AD8CED1250A615E0099DFDE /* Sources */,
				0AD8CED2250A615E0099DFDE /* Frameworks */,
				0AD8CED3250A615E0099DFDE /* Resources */,
				0AD8CF06250A623B0099DFDE /* Embed Frameworks */,
			);
			buildRules = (
			);
			dependencies = (
				0AD8CF05250A623B0099DFDE /* PBXTargetDependency */,
			);
			name = ObjCApp;
			productName = ObjCApp;
			productReference = 0AD8CED5250A615E0099DFDE /* ObjCApp.app */;
			productType = "com.apple.product-type.application";
		};
		0AD8CEEE250A615F0099DFDE /* ObjCAppTests */ = {
			isa = PBXNativeTarget;
			buildConfigurationList = 0AD8CEF9250A61600099DFDE /* Build configuration list for PBXNativeTarget "ObjCAppTests" */;
			buildPhases = (
				0AD8CEEB250A615F0099DFDE /* Sources */,
				0AD8CEEC250A615F0099DFDE /* Frameworks */,
				0AD8CEED250A615F0099DFDE /* Resources */,
			);
			buildRules = (
			);
			dependencies = (
				0AD8CEF1250A61600099DFDE /* PBXTargetDependency */,
			);
			name = ObjCAppTests;
			productName = ObjCAppTests;
			productReference = 0AD8CEEF250A615F0099DFDE /* ObjCAppTests.xctest */;
			productType = "com.apple.product-type.bundle.unit-test";
		};
		4B73241425418B3000F76893 /* iOSCryptoDDD */ = {
			isa = PBXNativeTarget;
			buildConfigurationList = 4B73241D25418B3000F76893 /* Build configuration list for PBXNativeTarget "iOSCryptoDDD" */;
			buildPhases = (
				4B73241125418B3000F76893 /* Sources */,
				4B73241225418B3000F76893 /* Frameworks */,
				4B73241325418B3000F76893 /* Copy Files */,
			);
			buildRules = (
			);
			dependencies = (
			);
			name = iOSCryptoDDD;
			packageProductDependencies = (
				4B73241E25418B8D00F76893 /* CryptoSwift */,
			);
			productName = iOSCrypto;
			productReference = 4B73241525418B3000F76893 /* libiOSCryptoDDD.a */;
			productType = "com.apple.product-type.library.static";
		};
/* End PBXNativeTarget section */

/* Begin PBXProject section */
		0AD8CDB82508E3220099DFDE /* Project object */ = {
			isa = PBXProject;
			attributes = {
				LastSwiftUpdateCheck = 1160;
				LastUpgradeCheck = 1240;
				ORGANIZATIONNAME = Data4Life;
				TargetAttributes = {
					0AD8CDC02508E3220099DFDE = {
						CreatedOnToolsVersion = 11.6;
					};
					0AD8CDC92508E3220099DFDE = {
						CreatedOnToolsVersion = 11.6;
					};
					0AD8CED4250A615E0099DFDE = {
						CreatedOnToolsVersion = 11.6;
					};
					0AD8CEEE250A615F0099DFDE = {
						CreatedOnToolsVersion = 11.6;
						TestTargetID = 0AD8CED4250A615E0099DFDE;
					};
					4B266121254701E00068ED3D = {
						CreatedOnToolsVersion = 11.5;
					};
					4B73241425418B3000F76893 = {
						CreatedOnToolsVersion = 11.5;
					};
					4B74734D253F1C0000F6F2DA = {
						CreatedOnToolsVersion = 11.5;
					};
				};
			};
			buildConfigurationList = 0AD8CDBB2508E3220099DFDE /* Build configuration list for PBXProject "iOSCryptoDD" */;
			compatibilityVersion = "Xcode 9.3";
			developmentRegion = en;
			hasScannedForEncodings = 0;
			knownRegions = (
				en,
				Base,
			);
			mainGroup = 0AD8CDB72508E3220099DFDE;
			packageReferences = (
				0AD8CE1A2508E72B0099DFDE /* XCRemoteSwiftPackageReference "CryptoSwift" */,
			);
			productRefGroup = 0AD8CDC22508E3220099DFDE /* Products */;
			projectDirPath = "";
			projectRoot = "";
			targets = (
				0AD8CDC02508E3220099DFDE /* iOSCryptoDD */,
				0AD8CDC92508E3220099DFDE /* iOSCryptoDDTests */,
				0AD8CED4250A615E0099DFDE /* ObjCApp */,
				0AD8CEEE250A615F0099DFDE /* ObjCAppTests */,
				4B74734D253F1C0000F6F2DA /* universal-crypto */,
				4B73241425418B3000F76893 /* iOSCryptoDDD */,
				4B266121254701E00068ED3D /* lib */,
			);
		};
/* End PBXProject section */

/* Begin PBXResourcesBuildPhase section */
		0AD8CDBF2508E3220099DFDE /* Resources */ = {
			isa = PBXResourcesBuildPhase;
			buildActionMask = 2147483647;
			files = (
			);
			runOnlyForDeploymentPostprocessing = 0;
		};
		0AD8CDC82508E3220099DFDE /* Resources */ = {
			isa = PBXResourcesBuildPhase;
			buildActionMask = 2147483647;
			files = (
			);
			runOnlyForDeploymentPostprocessing = 0;
		};
		0AD8CED3250A615E0099DFDE /* Resources */ = {
			isa = PBXResourcesBuildPhase;
			buildActionMask = 2147483647;
			files = (
				0AD8CEE7250A615F0099DFDE /* LaunchScreen.storyboard in Resources */,
				0AD8CEE4250A615F0099DFDE /* Assets.xcassets in Resources */,
				0AD8CEE2250A615E0099DFDE /* Main.storyboard in Resources */,
			);
			runOnlyForDeploymentPostprocessing = 0;
		};
		0AD8CEED250A615F0099DFDE /* Resources */ = {
			isa = PBXResourcesBuildPhase;
			buildActionMask = 2147483647;
			files = (
			);
			runOnlyForDeploymentPostprocessing = 0;
		};
/* End PBXResourcesBuildPhase section */

/* Begin PBXShellScriptBuildPhase section */
		4BB13D25253F1C6500DE3B7C /* ShellScript */ = {
			isa = PBXShellScriptBuildPhase;
			buildActionMask = 2147483647;
			files = (
			);
			inputFileListPaths = (
			);
			inputPaths = (
			);
			outputFileListPaths = (
			);
			outputPaths = (
			);
			runOnlyForDeploymentPostprocessing = 0;
			shellPath = /bin/sh;
			shellScript = "UNIVERSAL_OUTPUTFOLDER=${BUILD_DIR}/${CONFIGURATION}-Universal\n# Make sure the output directory exists\nmkdir -p \"${UNIVERSAL_OUTPUTFOLDER}\"\n# Next, work out if we're in SIMULATOR or REAL DEVICE\nxcodebuild -target \"${PROJECT_NAME}\" -configuration ${CONFIGURATION} -sdk iphonesimulator ONLY_ACTIVE_ARCH=NO BUILD_DIR=\"${BUILD_DIR}\" BUILD_ROOT=\"${BUILD_ROOT}\" clean build\nxcodebuild -target \"${PROJECT_NAME}\" ONLY_ACTIVE_ARCH=NO -configuration ${CONFIGURATION} -sdk iphoneos  BUILD_DIR=\"${BUILD_DIR}\" BUILD_ROOT=\"${BUILD_ROOT}\" clean build\n# Step 2. Copy the framework structure (from iphoneos build) to the universal folder\ncp -R \"${BUILD_DIR}/${CONFIGURATION}-iphoneos/${PROJECT_NAME}.framework\" \"${UNIVERSAL_OUTPUTFOLDER}/\"\n# Step 3. Copy Swift modules from iphonesimulator build (if it exists) to the copied framework directory\nBUILD_PRODUCTS=\"${SYMROOT}/../../../../Products\"\ncp -R \"${BUILD_PRODUCTS}/Debug-iphonesimulator/${PROJECT_NAME}.framework/Modules/${PROJECT_NAME}.swiftmodule/.\" \"${UNIVERSAL_OUTPUTFOLDER}/${PROJECT_NAME}.framework/Modules/${PROJECT_NAME}.swiftmodule\"\n# Step 4. Create universal binary file using lipo and place the combined executable in the copied framework directory\n\n# Step 5. Convenience step to copy the framework to the project's directory\ncp -R \"${UNIVERSAL_OUTPUTFOLDER}/${PROJECT_NAME}.framework\" \"${PROJECT_DIR}\"\n# Step 6. Convenience step to open the project's directory in Finder\nopen \"${PROJECT_DIR}\"\n\n# open \"${UNIVERSAL_OUTPUTFOLDER}/${PROJECT_NAME}.framework/${PROJECT_NAME}\"\n";
		};
		4BB13D2625402EFB00DE3B7C /* ShellScript */ = {
			isa = PBXShellScriptBuildPhase;
			buildActionMask = 2147483647;
			files = (
			);
			inputFileListPaths = (
			);
			inputPaths = (
			);
			outputFileListPaths = (
			);
			outputPaths = (
			);
			runOnlyForDeploymentPostprocessing = 0;
			shellPath = /bin/sh;
			shellScript = "
";
		};
/* End PBXShellScriptBuildPhase section */

/* Begin PBXSourcesBuildPhase section */
		0AD8CDBD2508E3220099DFDE /* Sources */ = {
			isa = PBXSourcesBuildPhase;
			buildActionMask = 2147483647;
			files = (
				0AD8CE0C2508E3FD0099DFDE /* iOSCryptoDD.swift in Sources */,
			);
			runOnlyForDeploymentPostprocessing = 0;
		};
		0AD8CDC62508E3220099DFDE /* Sources */ = {
			isa = PBXSourcesBuildPhase;
			buildActionMask = 2147483647;
			files = (
				0AD8CDD02508E3220099DFDE /* iOSCryptoDDTests.swift in Sources */,
			);
			runOnlyForDeploymentPostprocessing = 0;
		};
		0AD8CED1250A615E0099DFDE /* Sources */ = {
			isa = PBXSourcesBuildPhase;
			buildActionMask = 2147483647;
			files = (
				0AD8CEDF250A615E0099DFDE /* ViewController.m in Sources */,
				0AD8CED9250A615E0099DFDE /* AppDelegate.m in Sources */,
				0AD8CEEA250A615F0099DFDE /* main.m in Sources */,
				0AD8CEDC250A615E0099DFDE /* SceneDelegate.m in Sources */,
			);
			runOnlyForDeploymentPostprocessing = 0;
		};
		0AD8CEEB250A615F0099DFDE /* Sources */ = {
			isa = PBXSourcesBuildPhase;
			buildActionMask = 2147483647;
			files = (
				0AD8CEF4250A61600099DFDE /* ObjCAppTests.m in Sources */,
			);
			runOnlyForDeploymentPostprocessing = 0;
		};
		4B73241125418B3000F76893 /* Sources */ = {
			isa = PBXSourcesBuildPhase;
			buildActionMask = 2147483647;
			files = (
				4B7324212541B52D00F76893 /* iOSCryptoDD.h in Sources */,
				4B732420254197BA00F76893 /* iOSCryptoDD.swift in Sources */,
				4B73241925418B3000F76893 /* iOSCrypto.m in Sources */,
			);
			runOnlyForDeploymentPostprocessing = 0;
		};
/* End PBXSourcesBuildPhase section */

/* Begin PBXTargetDependency section */
		0AD8CDCD2508E3220099DFDE /* PBXTargetDependency */ = {
			isa = PBXTargetDependency;
			target = 0AD8CDC02508E3220099DFDE /* iOSCryptoDD */;
			targetProxy = 0AD8CDCC2508E3220099DFDE /* PBXContainerItemProxy */;
		};
		0AD8CEF1250A61600099DFDE /* PBXTargetDependency */ = {
			isa = PBXTargetDependency;
			target = 0AD8CED4250A615E0099DFDE /* ObjCApp */;
			targetProxy = 0AD8CEF0250A61600099DFDE /* PBXContainerItemProxy */;
		};
		0AD8CF05250A623B0099DFDE /* PBXTargetDependency */ = {
			isa = PBXTargetDependency;
			target = 0AD8CDC02508E3220099DFDE /* iOSCryptoDD */;
			targetProxy = 0AD8CF04250A623B0099DFDE /* PBXContainerItemProxy */;
		};
/* End PBXTargetDependency section */

/* Begin PBXVariantGroup section */
		0AD8CEE0250A615E0099DFDE /* Main.storyboard */ = {
			isa = PBXVariantGroup;
			children = (
				0AD8CEE1250A615E0099DFDE /* Base */,
			);
			name = Main.storyboard;
			sourceTree = "<group>";
		};
		0AD8CEE5250A615F0099DFDE /* LaunchScreen.storyboard */ = {
			isa = PBXVariantGroup;
			children = (
				0AD8CEE6250A615F0099DFDE /* Base */,
			);
			name = LaunchScreen.storyboard;
			sourceTree = "<group>";
		};
/* End PBXVariantGroup section */

/* Begin XCBuildConfiguration section */
		0AD8CDD32508E3220099DFDE /* Debug */ = {
			isa = XCBuildConfiguration;
			buildSettings = {
				ALWAYS_SEARCH_USER_PATHS = NO;
				BUILD_LIBRARY_FOR_DISTRIBUTION = YES;
				CLANG_ANALYZER_NONNULL = YES;
				CLANG_ANALYZER_NUMBER_OBJECT_CONVERSION = YES_AGGRESSIVE;
				CLANG_CXX_LANGUAGE_STANDARD = "gnu++14";
				CLANG_CXX_LIBRARY = "libc++";
				CLANG_ENABLE_MODULES = YES;
				CLANG_ENABLE_OBJC_ARC = YES;
				CLANG_ENABLE_OBJC_WEAK = YES;
				CLANG_WARN_BLOCK_CAPTURE_AUTORELEASING = YES;
				CLANG_WARN_BOOL_CONVERSION = YES;
				CLANG_WARN_COMMA = YES;
				CLANG_WARN_CONSTANT_CONVERSION = YES;
				CLANG_WARN_DEPRECATED_OBJC_IMPLEMENTATIONS = YES;
				CLANG_WARN_DIRECT_OBJC_ISA_USAGE = YES_ERROR;
				CLANG_WARN_DOCUMENTATION_COMMENTS = YES;
				CLANG_WARN_EMPTY_BODY = YES;
				CLANG_WARN_ENUM_CONVERSION = YES;
				CLANG_WARN_INFINITE_RECURSION = YES;
				CLANG_WARN_INT_CONVERSION = YES;
				CLANG_WARN_NON_LITERAL_NULL_CONVERSION = YES;
				CLANG_WARN_OBJC_IMPLICIT_RETAIN_SELF = YES;
				CLANG_WARN_OBJC_LITERAL_CONVERSION = YES;
				CLANG_WARN_OBJC_ROOT_CLASS = YES_ERROR;
				CLANG_WARN_QUOTED_INCLUDE_IN_FRAMEWORK_HEADER = YES;
				CLANG_WARN_RANGE_LOOP_ANALYSIS = YES;
				CLANG_WARN_STRICT_PROTOTYPES = YES;
				CLANG_WARN_SUSPICIOUS_MOVE = YES;
				CLANG_WARN_UNGUARDED_AVAILABILITY = YES_AGGRESSIVE;
				CLANG_WARN_UNREACHABLE_CODE = YES;
				CLANG_WARN__DUPLICATE_METHOD_MATCH = YES;
				COPY_PHASE_STRIP = NO;
				CURRENT_PROJECT_VERSION = 1;
				DEBUG_INFORMATION_FORMAT = dwarf;
				ENABLE_STRICT_OBJC_MSGSEND = YES;
				ENABLE_TESTABILITY = YES;
				GCC_C_LANGUAGE_STANDARD = gnu11;
				GCC_DYNAMIC_NO_PIC = NO;
				GCC_NO_COMMON_BLOCKS = YES;
				GCC_OPTIMIZATION_LEVEL = 0;
				GCC_PREPROCESSOR_DEFINITIONS = (
					"DEBUG=1",
					"$(inherited)",
				);
				GCC_WARN_64_TO_32_BIT_CONVERSION = YES;
				GCC_WARN_ABOUT_RETURN_TYPE = YES_ERROR;
				GCC_WARN_UNDECLARED_SELECTOR = YES;
				GCC_WARN_UNINITIALIZED_AUTOS = YES_AGGRESSIVE;
				GCC_WARN_UNUSED_FUNCTION = YES;
				GCC_WARN_UNUSED_VARIABLE = YES;
				IPHONEOS_DEPLOYMENT_TARGET = 13.0;
				MTL_ENABLE_DEBUG_INFO = INCLUDE_SOURCE;
				MTL_FAST_MATH = YES;
				ONLY_ACTIVE_ARCH = YES;
				SDKROOT = iphoneos;
				SWIFT_ACTIVE_COMPILATION_CONDITIONS = DEBUG;
				SWIFT_OBJC_INTERFACE_HEADER_NAME = "$(PROJECT_NAME)-Swift.h";
				SWIFT_OPTIMIZATION_LEVEL = "-Onone";
				VERSIONING_SYSTEM = "apple-generic";
				VERSION_INFO_PREFIX = "";
			};
			name = Debug;
		};
		0AD8CDD42508E3220099DFDE /* Release */ = {
			isa = XCBuildConfiguration;
			buildSettings = {
				ALWAYS_SEARCH_USER_PATHS = NO;
				BUILD_LIBRARY_FOR_DISTRIBUTION = YES;
				CLANG_ANALYZER_NONNULL = YES;
				CLANG_ANALYZER_NUMBER_OBJECT_CONVERSION = YES_AGGRESSIVE;
				CLANG_CXX_LANGUAGE_STANDARD = "gnu++14";
				CLANG_CXX_LIBRARY = "libc++";
				CLANG_ENABLE_MODULES = YES;
				CLANG_ENABLE_OBJC_ARC = YES;
				CLANG_ENABLE_OBJC_WEAK = YES;
				CLANG_WARN_BLOCK_CAPTURE_AUTORELEASING = YES;
				CLANG_WARN_BOOL_CONVERSION = YES;
				CLANG_WARN_COMMA = YES;
				CLANG_WARN_CONSTANT_CONVERSION = YES;
				CLANG_WARN_DEPRECATED_OBJC_IMPLEMENTATIONS = YES;
				CLANG_WARN_DIRECT_OBJC_ISA_USAGE = YES_ERROR;
				CLANG_WARN_DOCUMENTATION_COMMENTS = YES;
				CLANG_WARN_EMPTY_BODY = YES;
				CLANG_WARN_ENUM_CONVERSION = YES;
				CLANG_WARN_INFINITE_RECURSION = YES;
				CLANG_WARN_INT_CONVERSION = YES;
				CLANG_WARN_NON_LITERAL_NULL_CONVERSION = YES;
				CLANG_WARN_OBJC_IMPLICIT_RETAIN_SELF = YES;
				CLANG_WARN_OBJC_LITERAL_CONVERSION = YES;
				CLANG_WARN_OBJC_ROOT_CLASS = YES_ERROR;
				CLANG_WARN_QUOTED_INCLUDE_IN_FRAMEWORK_HEADER = YES;
				CLANG_WARN_RANGE_LOOP_ANALYSIS = YES;
				CLANG_WARN_STRICT_PROTOTYPES = YES;
				CLANG_WARN_SUSPICIOUS_MOVE = YES;
				CLANG_WARN_UNGUARDED_AVAILABILITY = YES_AGGRESSIVE;
				CLANG_WARN_UNREACHABLE_CODE = YES;
				CLANG_WARN__DUPLICATE_METHOD_MATCH = YES;
				COPY_PHASE_STRIP = NO;
				CURRENT_PROJECT_VERSION = 1;
				DEBUG_INFORMATION_FORMAT = "dwarf-with-dsym";
				ENABLE_NS_ASSERTIONS = NO;
				ENABLE_STRICT_OBJC_MSGSEND = YES;
				GCC_C_LANGUAGE_STANDARD = gnu11;
				GCC_NO_COMMON_BLOCKS = YES;
				GCC_WARN_64_TO_32_BIT_CONVERSION = YES;
				GCC_WARN_ABOUT_RETURN_TYPE = YES_ERROR;
				GCC_WARN_UNDECLARED_SELECTOR = YES;
				GCC_WARN_UNINITIALIZED_AUTOS = YES_AGGRESSIVE;
				GCC_WARN_UNUSED_FUNCTION = YES;
				GCC_WARN_UNUSED_VARIABLE = YES;
				IPHONEOS_DEPLOYMENT_TARGET = 13.0;
				MTL_ENABLE_DEBUG_INFO = NO;
				MTL_FAST_MATH = YES;
				SDKROOT = iphoneos;
				SWIFT_COMPILATION_MODE = wholemodule;
				SWIFT_OBJC_INTERFACE_HEADER_NAME = "$(PROJECT_NAME)-Swift.h";
				SWIFT_OPTIMIZATION_LEVEL = "-O";
				VALIDATE_PRODUCT = YES;
				VERSIONING_SYSTEM = "apple-generic";
				VERSION_INFO_PREFIX = "";
			};
			name = Release;
		};
		0AD8CDD62508E3220099DFDE /* Debug */ = {
			isa = XCBuildConfiguration;
			buildSettings = {
				ALWAYS_EMBED_SWIFT_STANDARD_LIBRARIES = YES;
				CODE_SIGN_IDENTITY = "";
				CODE_SIGN_STYLE = Automatic;
				CURRENT_PROJECT_VERSION = 2;
				DEFINES_MODULE = YES;
				DEVELOPMENT_TEAM = D2QJWMP9SU;
				DYLIB_COMPATIBILITY_VERSION = 1;
				DYLIB_CURRENT_VERSION = 1;
				INFOPLIST_FILE = iOSCryptoDD/Info.plist;
				INSTALL_PATH = "$(LOCAL_LIBRARY_DIR)/Frameworks";
				IPHONEOS_DEPLOYMENT_TARGET = 13.0;
				LD_RUNPATH_SEARCH_PATHS = (
					"$(inherited)",
					"@executable_path/Frameworks",
					"@loader_path/Frameworks",
				);
				MACH_O_TYPE = staticlib;
				MARKETING_VERSION = 2.0;
				PRODUCT_BUNDLE_IDENTIFIER = care.data4life.cryptoDD.iOSCryptoDD;
				PRODUCT_NAME = "$(TARGET_NAME:c99extidentifier)";
				SKIP_INSTALL = YES;
				SUPPORTED_PLATFORMS = "iphonesimulator iphoneos";
				SWIFT_OBJC_INTERFACE_HEADER_NAME = "$(PROJECT_NAME)-Swift.h";
				SWIFT_VERSION = 5.0;
				TARGETED_DEVICE_FAMILY = "1,2";
			};
			name = Debug;
		};
		0AD8CDD72508E3220099DFDE /* Release */ = {
			isa = XCBuildConfiguration;
			buildSettings = {
				ALWAYS_EMBED_SWIFT_STANDARD_LIBRARIES = YES;
				CODE_SIGN_IDENTITY = "";
				CODE_SIGN_STYLE = Automatic;
				CURRENT_PROJECT_VERSION = 2;
				DEFINES_MODULE = YES;
				DEVELOPMENT_TEAM = D2QJWMP9SU;
				DYLIB_COMPATIBILITY_VERSION = 1;
				DYLIB_CURRENT_VERSION = 1;
				INFOPLIST_FILE = iOSCryptoDD/Info.plist;
				INSTALL_PATH = "$(LOCAL_LIBRARY_DIR)/Frameworks";
				IPHONEOS_DEPLOYMENT_TARGET = 13.0;
				LD_RUNPATH_SEARCH_PATHS = (
					"$(inherited)",
					"@executable_path/Frameworks",
					"@loader_path/Frameworks",
				);
				MACH_O_TYPE = staticlib;
				MARKETING_VERSION = 2.0;
				PRODUCT_BUNDLE_IDENTIFIER = care.data4life.cryptoDD.iOSCryptoDD;
				PRODUCT_NAME = "$(TARGET_NAME:c99extidentifier)";
				SKIP_INSTALL = YES;
				SUPPORTED_PLATFORMS = "iphonesimulator iphoneos";
				SWIFT_OBJC_INTERFACE_HEADER_NAME = "$(PROJECT_NAME)-Swift.h";
				SWIFT_VERSION = 5.0;
				TARGETED_DEVICE_FAMILY = "1,2";
			};
			name = Release;
		};
		0AD8CDD92508E3220099DFDE /* Debug */ = {
			isa = XCBuildConfiguration;
			buildSettings = {
				ALWAYS_EMBED_SWIFT_STANDARD_LIBRARIES = YES;
				CODE_SIGN_STYLE = Automatic;
				DEVELOPMENT_TEAM = D2QJWMP9SU;
				INFOPLIST_FILE = iOSCryptoDDTests/Info.plist;
				LD_RUNPATH_SEARCH_PATHS = (
					"$(inherited)",
					"@executable_path/Frameworks",
					"@loader_path/Frameworks",
				);
				PRODUCT_BUNDLE_IDENTIFIER = care.data4life.cryptoDD.iOSCryptoDDTests;
				PRODUCT_NAME = "$(TARGET_NAME)";
				SWIFT_VERSION = 5.0;
				TARGETED_DEVICE_FAMILY = "1,2";
			};
			name = Debug;
		};
		0AD8CDDA2508E3220099DFDE /* Release */ = {
			isa = XCBuildConfiguration;
			buildSettings = {
				ALWAYS_EMBED_SWIFT_STANDARD_LIBRARIES = YES;
				CODE_SIGN_STYLE = Automatic;
				DEVELOPMENT_TEAM = D2QJWMP9SU;
				INFOPLIST_FILE = iOSCryptoDDTests/Info.plist;
				LD_RUNPATH_SEARCH_PATHS = (
					"$(inherited)",
					"@executable_path/Frameworks",
					"@loader_path/Frameworks",
				);
				PRODUCT_BUNDLE_IDENTIFIER = care.data4life.cryptoDD.iOSCryptoDDTests;
				PRODUCT_NAME = "$(TARGET_NAME)";
				SWIFT_VERSION = 5.0;
				TARGETED_DEVICE_FAMILY = "1,2";
			};
			name = Release;
		};
		0AD8CEF7250A61600099DFDE /* Debug */ = {
			isa = XCBuildConfiguration;
			buildSettings = {
				ASSETCATALOG_COMPILER_APPICON_NAME = AppIcon;
				CODE_SIGN_STYLE = Automatic;
				DEVELOPMENT_TEAM = D2QJWMP9SU;
				INFOPLIST_FILE = ObjCApp/Info.plist;
				IPHONEOS_DEPLOYMENT_TARGET = 13.6;
				LD_RUNPATH_SEARCH_PATHS = (
					"$(inherited)",
					"@executable_path/Frameworks",
				);
				PRODUCT_BUNDLE_IDENTIFIER = care.data4life.ObjCApp;
				PRODUCT_NAME = "$(TARGET_NAME)";
				TARGETED_DEVICE_FAMILY = "1,2";
			};
			name = Debug;
		};
		0AD8CEF8250A61600099DFDE /* Release */ = {
			isa = XCBuildConfiguration;
			buildSettings = {
				ASSETCATALOG_COMPILER_APPICON_NAME = AppIcon;
				CODE_SIGN_STYLE = Automatic;
				DEVELOPMENT_TEAM = D2QJWMP9SU;
				INFOPLIST_FILE = ObjCApp/Info.plist;
				IPHONEOS_DEPLOYMENT_TARGET = 13.6;
				LD_RUNPATH_SEARCH_PATHS = (
					"$(inherited)",
					"@executable_path/Frameworks",
				);
				PRODUCT_BUNDLE_IDENTIFIER = care.data4life.ObjCApp;
				PRODUCT_NAME = "$(TARGET_NAME)";
				TARGETED_DEVICE_FAMILY = "1,2";
			};
			name = Release;
		};
		0AD8CEFA250A61600099DFDE /* Debug */ = {
			isa = XCBuildConfiguration;
			buildSettings = {
				BUNDLE_LOADER = "$(TEST_HOST)";
				CODE_SIGN_STYLE = Automatic;
				DEVELOPMENT_TEAM = D2QJWMP9SU;
				INFOPLIST_FILE = ObjCAppTests/Info.plist;
				IPHONEOS_DEPLOYMENT_TARGET = 13.6;
				LD_RUNPATH_SEARCH_PATHS = (
					"$(inherited)",
					"@executable_path/Frameworks",
					"@loader_path/Frameworks",
				);
				PRODUCT_BUNDLE_IDENTIFIER = care.data4life.ObjCAppTests;
				PRODUCT_NAME = "$(TARGET_NAME)";
				TARGETED_DEVICE_FAMILY = "1,2";
				TEST_HOST = "$(BUILT_PRODUCTS_DIR)/ObjCApp.app/ObjCApp";
			};
			name = Debug;
		};
		0AD8CEFB250A61600099DFDE /* Release */ = {
			isa = XCBuildConfiguration;
			buildSettings = {
				BUNDLE_LOADER = "$(TEST_HOST)";
				CODE_SIGN_STYLE = Automatic;
				DEVELOPMENT_TEAM = D2QJWMP9SU;
				INFOPLIST_FILE = ObjCAppTests/Info.plist;
				IPHONEOS_DEPLOYMENT_TARGET = 13.6;
				LD_RUNPATH_SEARCH_PATHS = (
					"$(inherited)",
					"@executable_path/Frameworks",
					"@loader_path/Frameworks",
				);
				PRODUCT_BUNDLE_IDENTIFIER = care.data4life.ObjCAppTests;
				PRODUCT_NAME = "$(TARGET_NAME)";
				TARGETED_DEVICE_FAMILY = "1,2";
				TEST_HOST = "$(BUILT_PRODUCTS_DIR)/ObjCApp.app/ObjCApp";
			};
			name = Release;
		};
		4B266123254701E00068ED3D /* Debug */ = {
			isa = XCBuildConfiguration;
			buildSettings = {
				CODE_SIGN_STYLE = Automatic;
				DEVELOPMENT_TEAM = MQ27TQM2FD;
				PRODUCT_NAME = "$(TARGET_NAME)";
			};
			name = Debug;
		};
		4B266124254701E00068ED3D /* Release */ = {
			isa = XCBuildConfiguration;
			buildSettings = {
				CODE_SIGN_STYLE = Automatic;
				DEVELOPMENT_TEAM = MQ27TQM2FD;
				PRODUCT_NAME = "$(TARGET_NAME)";
			};
			name = Release;
		};
		4B73241B25418B3000F76893 /* Debug */ = {
			isa = XCBuildConfiguration;
			buildSettings = {
				ALWAYS_EMBED_SWIFT_STANDARD_LIBRARIES = YES;
				BUILD_LIBRARY_FOR_DISTRIBUTION = YES;
				CODE_SIGN_STYLE = Automatic;
				DEVELOPMENT_TEAM = MQ27TQM2FD;
				IPHONEOS_DEPLOYMENT_TARGET = 13.0;
				LD_RUNPATH_SEARCH_PATHS = (
					"$(inherited)",
					"@executable_path/Frameworks",
					"@loader_path/Frameworks",
				);
				LIBRARY_SEARCH_PATHS = "$(inherited)";
				ONLY_ACTIVE_ARCH = YES;
				OTHER_CFLAGS = "-fembed-bitcode";
				PRODUCT_NAME = "$(TARGET_NAME)";
				SKIP_INSTALL = YES;
				SWIFT_OBJC_INTERFACE_HEADER_NAME = "$(PROJECT_NAME)-Swift.h";
				SWIFT_VERSION = 5.0;
				TARGETED_DEVICE_FAMILY = 1;
			};
			name = Debug;
		};
		4B73241C25418B3000F76893 /* Release */ = {
			isa = XCBuildConfiguration;
			buildSettings = {
				ALWAYS_EMBED_SWIFT_STANDARD_LIBRARIES = YES;
				BUILD_LIBRARY_FOR_DISTRIBUTION = YES;
				CODE_SIGN_STYLE = Automatic;
				DEVELOPMENT_TEAM = MQ27TQM2FD;
				IPHONEOS_DEPLOYMENT_TARGET = 13.0;
				LD_RUNPATH_SEARCH_PATHS = (
					"$(inherited)",
					"@executable_path/Frameworks",
					"@loader_path/Frameworks",
				);
				LIBRARY_SEARCH_PATHS = "$(inherited)";
				ONLY_ACTIVE_ARCH = YES;
				OTHER_CFLAGS = "-fembed-bitcode";
				PRODUCT_NAME = "$(TARGET_NAME)";
				SKIP_INSTALL = YES;
				SWIFT_OBJC_INTERFACE_HEADER_NAME = "$(PROJECT_NAME)-Swift.h";
				SWIFT_VERSION = 5.0;
				TARGETED_DEVICE_FAMILY = 1;
			};
			name = Release;
		};
		4B74734E253F1C0000F6F2DA /* Debug */ = {
			isa = XCBuildConfiguration;
			buildSettings = {
				CODE_SIGN_STYLE = Automatic;
				DEVELOPMENT_TEAM = MQ27TQM2FD;
				MACH_O_TYPE = staticlib;
				PRODUCT_NAME = "$(TARGET_NAME)";
			};
			name = Debug;
		};
		4B74734F253F1C0000F6F2DA /* Release */ = {
			isa = XCBuildConfiguration;
			buildSettings = {
				CODE_SIGN_STYLE = Automatic;
				DEVELOPMENT_TEAM = MQ27TQM2FD;
				MACH_O_TYPE = staticlib;
				PRODUCT_NAME = "$(TARGET_NAME)";
			};
			name = Release;
		};
/* End XCBuildConfiguration section */

/* Begin XCConfigurationList section */
		0AD8CDBB2508E3220099DFDE /* Build configuration list for PBXProject "iOSCryptoDD" */ = {
			isa = XCConfigurationList;
			buildConfigurations = (
				0AD8CDD32508E3220099DFDE /* Debug */,
				0AD8CDD42508E3220099DFDE /* Release */,
			);
			defaultConfigurationIsVisible = 0;
			defaultConfigurationName = Release;
		};
		0AD8CDD52508E3220099DFDE /* Build configuration list for PBXNativeTarget "iOSCryptoDD" */ = {
			isa = XCConfigurationList;
			buildConfigurations = (
				0AD8CDD62508E3220099DFDE /* Debug */,
				0AD8CDD72508E3220099DFDE /* Release */,
			);
			defaultConfigurationIsVisible = 0;
			defaultConfigurationName = Release;
		};
		0AD8CDD82508E3220099DFDE /* Build configuration list for PBXNativeTarget "iOSCryptoDDTests" */ = {
			isa = XCConfigurationList;
			buildConfigurations = (
				0AD8CDD92508E3220099DFDE /* Debug */,
				0AD8CDDA2508E3220099DFDE /* Release */,
			);
			defaultConfigurationIsVisible = 0;
			defaultConfigurationName = Release;
		};
		0AD8CEF6250A61600099DFDE /* Build configuration list for PBXNativeTarget "ObjCApp" */ = {
			isa = XCConfigurationList;
			buildConfigurations = (
				0AD8CEF7250A61600099DFDE /* Debug */,
				0AD8CEF8250A61600099DFDE /* Release */,
			);
			defaultConfigurationIsVisible = 0;
			defaultConfigurationName = Release;
		};
		0AD8CEF9250A61600099DFDE /* Build configuration list for PBXNativeTarget "ObjCAppTests" */ = {
			isa = XCConfigurationList;
			buildConfigurations = (
				0AD8CEFA250A61600099DFDE /* Debug */,
				0AD8CEFB250A61600099DFDE /* Release */,
			);
			defaultConfigurationIsVisible = 0;
			defaultConfigurationName = Release;
		};
		4B266122254701E00068ED3D /* Build configuration list for PBXAggregateTarget "lib" */ = {
			isa = XCConfigurationList;
			buildConfigurations = (
				4B266123254701E00068ED3D /* Debug */,
				4B266124254701E00068ED3D /* Release */,
			);
			defaultConfigurationIsVisible = 0;
			defaultConfigurationName = Release;
		};
		4B73241D25418B3000F76893 /* Build configuration list for PBXNativeTarget "iOSCryptoDDD" */ = {
			isa = XCConfigurationList;
			buildConfigurations = (
				4B73241B25418B3000F76893 /* Debug */,
				4B73241C25418B3000F76893 /* Release */,
			);
			defaultConfigurationIsVisible = 0;
			defaultConfigurationName = Release;
		};
		4B747350253F1C0000F6F2DA /* Build configuration list for PBXAggregateTarget "universal-crypto" */ = {
			isa = XCConfigurationList;
			buildConfigurations = (
				4B74734E253F1C0000F6F2DA /* Debug */,
				4B74734F253F1C0000F6F2DA /* Release */,
			);
			defaultConfigurationIsVisible = 0;
			defaultConfigurationName = Release;
		};
/* End XCConfigurationList section */

/* Begin XCRemoteSwiftPackageReference section */
		0AD8CE1A2508E72B0099DFDE /* XCRemoteSwiftPackageReference "CryptoSwift" */ = {
			isa = XCRemoteSwiftPackageReference;
			repositoryURL = "https://github.com/krzyzanowskim/CryptoSwift.git";
			requirement = {
				kind = exactVersion;
				version = 1.3.7;
			};
		};
/* End XCRemoteSwiftPackageReference section */

/* Begin XCSwiftPackageProductDependency section */
		0AD8CE1B2508E72B0099DFDE /* CryptoSwift */ = {
			isa = XCSwiftPackageProductDependency;
			package = 0AD8CE1A2508E72B0099DFDE /* XCRemoteSwiftPackageReference "CryptoSwift" */;
			productName = CryptoSwift;
		};
		4B73241E25418B8D00F76893 /* CryptoSwift */ = {
			isa = XCSwiftPackageProductDependency;
			package = 0AD8CE1A2508E72B0099DFDE /* XCRemoteSwiftPackageReference "CryptoSwift" */;
			productName = CryptoSwift;
		};
/* End XCSwiftPackageProductDependency section */
	};
	rootObject = 0AD8CDB82508E3220099DFDE /* Project object */;
}
