// !$*UTF8*$!
{
	archiveVersion = 1;
	classes = {
	};
	objectVersion = 51;
	objects = {

/* Begin PBXBuildFile section */
		5F12BF259CABA56779401454 /* Pods_TemplateApp.framework in Frameworks */ = {isa = PBXBuildFile; fileRef = D4320796F6EBDCBB61CC8315 /* Pods_TemplateApp.framework */; };
		A638531F243B6F9600E928D5 /* D4LClientWrapper.swift in Sources */ = {isa = PBXBuildFile; fileRef = A638531E243B6F9600E928D5 /* D4LClientWrapper.swift */; };
		A6A2A84C2435E3F20015B81C /* AppDelegate.swift in Sources */ = {isa = PBXBuildFile; fileRef = A6A2A84B2435E3F20015B81C /* AppDelegate.swift */; };
		A6A2A8502435E3F20015B81C /* MainViewController.swift in Sources */ = {isa = PBXBuildFile; fileRef = A6A2A84F2435E3F20015B81C /* MainViewController.swift */; };
		A6A2A8522435E3F50015B81C /* Assets.xcassets in Resources */ = {isa = PBXBuildFile; fileRef = A6A2A8512435E3F50015B81C /* Assets.xcassets */; };
		A6A2A8582435E3F50015B81C /* LaunchScreen.storyboard in Resources */ = {isa = PBXBuildFile; fileRef = A6A2A8562435E3F50015B81C /* LaunchScreen.storyboard */; };
		A6A2A8632435E3F50015B81C /* TemplateAppTests.swift in Sources */ = {isa = PBXBuildFile; fileRef = A6A2A8622435E3F50015B81C /* TemplateAppTests.swift */; };
		A6A2A86E2435E3F50015B81C /* TemplateAppUITests.swift in Sources */ = {isa = PBXBuildFile; fileRef = A6A2A86D2435E3F50015B81C /* TemplateAppUITests.swift */; };
/* End PBXBuildFile section */

/* Begin PBXContainerItemProxy section */
		A6A2A85F2435E3F50015B81C /* PBXContainerItemProxy */ = {
			isa = PBXContainerItemProxy;
			containerPortal = A6A2A8402435E3F20015B81C /* Project object */;
			proxyType = 1;
			remoteGlobalIDString = A6A2A8472435E3F20015B81C;
			remoteInfo = TemplateApp;
		};
		A6A2A86A2435E3F50015B81C /* PBXContainerItemProxy */ = {
			isa = PBXContainerItemProxy;
			containerPortal = A6A2A8402435E3F20015B81C /* Project object */;
			proxyType = 1;
			remoteGlobalIDString = A6A2A8472435E3F20015B81C;
			remoteInfo = TemplateApp;
		};
/* End PBXContainerItemProxy section */

/* Begin PBXFileReference section */
		3DE49F141C12EE9C07E7E044 /* Pods-TemplateApp.debug.xcconfig */ = {isa = PBXFileReference; includeInIndex = 1; lastKnownFileType = text.xcconfig; name = "Pods-TemplateApp.debug.xcconfig"; path = "Target Support Files/Pods-TemplateApp/Pods-TemplateApp.debug.xcconfig"; sourceTree = "<group>"; };
		68551AD5C34A1FED977355A3 /* Pods-TemplateApp.release.xcconfig */ = {isa = PBXFileReference; includeInIndex = 1; lastKnownFileType = text.xcconfig; name = "Pods-TemplateApp.release.xcconfig"; path = "Target Support Files/Pods-TemplateApp/Pods-TemplateApp.release.xcconfig"; sourceTree = "<group>"; };
		A638531E243B6F9600E928D5 /* D4LClientWrapper.swift */ = {isa = PBXFileReference; lastKnownFileType = sourcecode.swift; path = D4LClientWrapper.swift; sourceTree = "<group>"; };
		A6A2A8482435E3F20015B81C /* TemplateApp.app */ = {isa = PBXFileReference; explicitFileType = wrapper.application; includeInIndex = 0; path = TemplateApp.app; sourceTree = BUILT_PRODUCTS_DIR; };
		A6A2A84B2435E3F20015B81C /* AppDelegate.swift */ = {isa = PBXFileReference; lastKnownFileType = sourcecode.swift; path = AppDelegate.swift; sourceTree = "<group>"; };
		A6A2A84F2435E3F20015B81C /* MainViewController.swift */ = {isa = PBXFileReference; lastKnownFileType = sourcecode.swift; path = MainViewController.swift; sourceTree = "<group>"; };
		A6A2A8512435E3F50015B81C /* Assets.xcassets */ = {isa = PBXFileReference; lastKnownFileType = folder.assetcatalog; path = Assets.xcassets; sourceTree = "<group>"; };
		A6A2A8572435E3F50015B81C /* Base */ = {isa = PBXFileReference; lastKnownFileType = file.storyboard; name = Base; path = Base.lproj/LaunchScreen.storyboard; sourceTree = "<group>"; };
		A6A2A8592435E3F50015B81C /* Info.plist */ = {isa = PBXFileReference; lastKnownFileType = text.plist.xml; path = Info.plist; sourceTree = "<group>"; };
		A6A2A85E2435E3F50015B81C /* TemplateAppTests.xctest */ = {isa = PBXFileReference; explicitFileType = wrapper.cfbundle; includeInIndex = 0; path = TemplateAppTests.xctest; sourceTree = BUILT_PRODUCTS_DIR; };
		A6A2A8622435E3F50015B81C /* TemplateAppTests.swift */ = {isa = PBXFileReference; lastKnownFileType = sourcecode.swift; path = TemplateAppTests.swift; sourceTree = "<group>"; };
		A6A2A8642435E3F50015B81C /* Info.plist */ = {isa = PBXFileReference; lastKnownFileType = text.plist.xml; path = Info.plist; sourceTree = "<group>"; };
		A6A2A8692435E3F50015B81C /* TemplateAppUITests.xctest */ = {isa = PBXFileReference; explicitFileType = wrapper.cfbundle; includeInIndex = 0; path = TemplateAppUITests.xctest; sourceTree = BUILT_PRODUCTS_DIR; };
		A6A2A86D2435E3F50015B81C /* TemplateAppUITests.swift */ = {isa = PBXFileReference; lastKnownFileType = sourcecode.swift; path = TemplateAppUITests.swift; sourceTree = "<group>"; };
		A6A2A86F2435E3F50015B81C /* Info.plist */ = {isa = PBXFileReference; lastKnownFileType = text.plist.xml; path = Info.plist; sourceTree = "<group>"; };
		D4320796F6EBDCBB61CC8315 /* Pods_TemplateApp.framework */ = {isa = PBXFileReference; explicitFileType = wrapper.framework; includeInIndex = 0; path = Pods_TemplateApp.framework; sourceTree = BUILT_PRODUCTS_DIR; };
/* End PBXFileReference section */

/* Begin PBXFrameworksBuildPhase section */
		A6A2A8452435E3F20015B81C /* Frameworks */ = {
			isa = PBXFrameworksBuildPhase;
			buildActionMask = 2147483647;
			files = (
				5F12BF259CABA56779401454 /* Pods_TemplateApp.framework in Frameworks */,
			);
			runOnlyForDeploymentPostprocessing = 0;
		};
		A6A2A85B2435E3F50015B81C /* Frameworks */ = {
			isa = PBXFrameworksBuildPhase;
			buildActionMask = 2147483647;
			files = (
			);
			runOnlyForDeploymentPostprocessing = 0;
		};
		A6A2A8662435E3F50015B81C /* Frameworks */ = {
			isa = PBXFrameworksBuildPhase;
			buildActionMask = 2147483647;
			files = (
			);
			runOnlyForDeploymentPostprocessing = 0;
		};
/* End PBXFrameworksBuildPhase section */

/* Begin PBXGroup section */
		526CFC431B918F5649031090 /* Pods */ = {
			isa = PBXGroup;
			children = (
				3DE49F141C12EE9C07E7E044 /* Pods-TemplateApp.debug.xcconfig */,
				68551AD5C34A1FED977355A3 /* Pods-TemplateApp.release.xcconfig */,
			);
			path = Pods;
			sourceTree = "<group>";
		};
		763D9405EF1EA0F8A003A435 /* Frameworks */ = {
			isa = PBXGroup;
			children = (
				D4320796F6EBDCBB61CC8315 /* Pods_TemplateApp.framework */,
			);
			name = Frameworks;
			sourceTree = "<group>";
		};
		A638531C243B6E2A00E928D5 /* data */ = {
			isa = PBXGroup;
			children = (
				A638531D243B6F3B00E928D5 /* utils */,
			);
			path = data;
			sourceTree = "<group>";
		};
		A638531D243B6F3B00E928D5 /* utils */ = {
			isa = PBXGroup;
			children = (
				A638531E243B6F9600E928D5 /* D4LClientWrapper.swift */,
			);
			path = utils;
			sourceTree = "<group>";
		};
		A6A2A83F2435E3F20015B81C = {
			isa = PBXGroup;
			children = (
				A6A2A84A2435E3F20015B81C /* TemplateApp */,
				A6A2A8612435E3F50015B81C /* TemplateAppiosTests */,
				A6A2A86C2435E3F50015B81C /* TemplateAppiosUITests */,
				A6A2A8492435E3F20015B81C /* Products */,
				526CFC431B918F5649031090 /* Pods */,
				763D9405EF1EA0F8A003A435 /* Frameworks */,
			);
			sourceTree = "<group>";
		};
		A6A2A8492435E3F20015B81C /* Products */ = {
			isa = PBXGroup;
			children = (
				A6A2A8482435E3F20015B81C /* TemplateApp.app */,
				A6A2A85E2435E3F50015B81C /* TemplateAppTests.xctest */,
				A6A2A8692435E3F50015B81C /* TemplateAppUITests.xctest */,
			);
			name = Products;
			sourceTree = "<group>";
		};
		A6A2A84A2435E3F20015B81C /* TemplateApp */ = {
			isa = PBXGroup;
			children = (
				A638531C243B6E2A00E928D5 /* data */,
				A6A2A84B2435E3F20015B81C /* AppDelegate.swift */,
				A6A2A84F2435E3F20015B81C /* MainViewController.swift */,
				A6A2A8512435E3F50015B81C /* Assets.xcassets */,
				A6A2A8562435E3F50015B81C /* LaunchScreen.storyboard */,
				A6A2A8592435E3F50015B81C /* Info.plist */,
			);
			path = TemplateApp;
			sourceTree = "<group>";
		};
		A6A2A8612435E3F50015B81C /* TemplateAppiosTests */ = {
			isa = PBXGroup;
			children = (
				A6A2A8622435E3F50015B81C /* TemplateAppTests.swift */,
				A6A2A8642435E3F50015B81C /* Info.plist */,
			);
			path = TemplateAppiosTests;
			sourceTree = "<group>";
		};
		A6A2A86C2435E3F50015B81C /* TemplateAppiosUITests */ = {
			isa = PBXGroup;
			children = (
				A6A2A86D2435E3F50015B81C /* TemplateAppUITests.swift */,
				A6A2A86F2435E3F50015B81C /* Info.plist */,
			);
			path = TemplateAppiosUITests;
			sourceTree = "<group>";
		};
/* End PBXGroup section */

/* Begin PBXNativeTarget section */
		A6A2A8472435E3F20015B81C /* TemplateApp */ = {
			isa = PBXNativeTarget;
			buildConfigurationList = A6A2A8722435E3F50015B81C /* Build configuration list for PBXNativeTarget "TemplateApp" */;
			buildPhases = (
				DACEB7786F223BDC2B787312 /* [CP] Check Pods Manifest.lock */,
				A6A2A8442435E3F20015B81C /* Sources */,
				A6A2A8452435E3F20015B81C /* Frameworks */,
				A6A2A8462435E3F20015B81C /* Resources */,
				A6428B542435F9FB00147AD1 /* [CP] Embed Pods Frameworks */,
			);
			buildRules = (
			);
			dependencies = (
			);
			name = TemplateApp;
			productName = TemplateApp;
			productReference = A6A2A8482435E3F20015B81C /* TemplateApp.app */;
			productType = "com.apple.product-type.application";
		};
		A6A2A85D2435E3F50015B81C /* TemplateAppTests */ = {
			isa = PBXNativeTarget;
			buildConfigurationList = A6A2A8752435E3F50015B81C /* Build configuration list for PBXNativeTarget "TemplateAppTests" */;
			buildPhases = (
				A6A2A85A2435E3F50015B81C /* Sources */,
				A6A2A85B2435E3F50015B81C /* Frameworks */,
				A6A2A85C2435E3F50015B81C /* Resources */,
			);
			buildRules = (
			);
			dependencies = (
				A6A2A8602435E3F50015B81C /* PBXTargetDependency */,
			);
			name = TemplateAppTests;
			productName = TemplateAppTests;
			productReference = A6A2A85E2435E3F50015B81C /* TemplateAppTests.xctest */;
			productType = "com.apple.product-type.bundle.unit-test";
		};
		A6A2A8682435E3F50015B81C /* TemplateAppUITests */ = {
			isa = PBXNativeTarget;
			buildConfigurationList = A6A2A8782435E3F50015B81C /* Build configuration list for PBXNativeTarget "TemplateAppUITests" */;
			buildPhases = (
				A6A2A8652435E3F50015B81C /* Sources */,
				A6A2A8662435E3F50015B81C /* Frameworks */,
				A6A2A8672435E3F50015B81C /* Resources */,
			);
			buildRules = (
			);
			dependencies = (
				A6A2A86B2435E3F50015B81C /* PBXTargetDependency */,
			);
			name = TemplateAppUITests;
			productName = TemplateAppUITests;
			productReference = A6A2A8692435E3F50015B81C /* TemplateAppUITests.xctest */;
			productType = "com.apple.product-type.bundle.ui-testing";
		};
/* End PBXNativeTarget section */

/* Begin PBXProject section */
		A6A2A8402435E3F20015B81C /* Project object */ = {
			isa = PBXProject;
			attributes = {
				LastSwiftUpdateCheck = 1140;
				LastUpgradeCheck = 1140;
				ORGANIZATIONNAME = data4life;
				TargetAttributes = {
					A6A2A8472435E3F20015B81C = {
						CreatedOnToolsVersion = 11.4;
					};
					A6A2A85D2435E3F50015B81C = {
						CreatedOnToolsVersion = 11.4;
						TestTargetID = A6A2A8472435E3F20015B81C;
					};
					A6A2A8682435E3F50015B81C = {
						CreatedOnToolsVersion = 11.4;
						TestTargetID = A6A2A8472435E3F20015B81C;
					};
				};
			};
			buildConfigurationList = A6A2A8432435E3F20015B81C /* Build configuration list for PBXProject "TemplateApp" */;
			compatibilityVersion = "Xcode 9.3";
			developmentRegion = en;
			hasScannedForEncodings = 0;
			knownRegions = (
				en,
				Base,
			);
			mainGroup = A6A2A83F2435E3F20015B81C;
			productRefGroup = A6A2A8492435E3F20015B81C /* Products */;
			projectDirPath = "";
			projectRoot = "";
			targets = (
				A6A2A8472435E3F20015B81C /* TemplateApp */,
				A6A2A85D2435E3F50015B81C /* TemplateAppTests */,
				A6A2A8682435E3F50015B81C /* TemplateAppUITests */,
			);
		};
/* End PBXProject section */

/* Begin PBXResourcesBuildPhase section */
		A6A2A8462435E3F20015B81C /* Resources */ = {
			isa = PBXResourcesBuildPhase;
			buildActionMask = 2147483647;
			files = (
				A6A2A8582435E3F50015B81C /* LaunchScreen.storyboard in Resources */,
				A6A2A8522435E3F50015B81C /* Assets.xcassets in Resources */,
			);
			runOnlyForDeploymentPostprocessing = 0;
		};
		A6A2A85C2435E3F50015B81C /* Resources */ = {
			isa = PBXResourcesBuildPhase;
			buildActionMask = 2147483647;
			files = (
			);
			runOnlyForDeploymentPostprocessing = 0;
		};
		A6A2A8672435E3F50015B81C /* Resources */ = {
			isa = PBXResourcesBuildPhase;
			buildActionMask = 2147483647;
			files = (
			);
			runOnlyForDeploymentPostprocessing = 0;
		};
/* End PBXResourcesBuildPhase section */

/* Begin PBXShellScriptBuildPhase section */
		A6428B542435F9FB00147AD1 /* [CP] Embed Pods Frameworks */ = {
			isa = PBXShellScriptBuildPhase;
			buildActionMask = 2147483647;
			files = (
			);
			inputFileListPaths = (
				"${PODS_ROOT}/Target Support Files/Pods-TemplateApp/Pods-TemplateApp-frameworks-${CONFIGURATION}-input-files.xcfilelist",
			);
			name = "[CP] Embed Pods Frameworks";
			outputFileListPaths = (
				"${PODS_ROOT}/Target Support Files/Pods-TemplateApp/Pods-TemplateApp-frameworks-${CONFIGURATION}-output-files.xcfilelist",
			);
			runOnlyForDeploymentPostprocessing = 0;
			shellPath = /bin/sh;
			shellScript = "\"${PODS_ROOT}/Target Support Files/Pods-TemplateApp/Pods-TemplateApp-frameworks.sh\"\n";
			showEnvVarsInLog = 0;
		};
		DACEB7786F223BDC2B787312 /* [CP] Check Pods Manifest.lock */ = {
			isa = PBXShellScriptBuildPhase;
			buildActionMask = 2147483647;
			files = (
			);
			inputFileListPaths = (
			);
			inputPaths = (
				"${PODS_PODFILE_DIR_PATH}/Podfile.lock",
				"${PODS_ROOT}/Manifest.lock",
			);
			name = "[CP] Check Pods Manifest.lock";
			outputFileListPaths = (
			);
			outputPaths = (
				"$(DERIVED_FILE_DIR)/Pods-TemplateApp-checkManifestLockResult.txt",
			);
			runOnlyForDeploymentPostprocessing = 0;
			shellPath = /bin/sh;
			shellScript = "diff \"${PODS_PODFILE_DIR_PATH}/Podfile.lock\" \"${PODS_ROOT}/Manifest.lock\" > /dev/null\nif [ $? != 0 ] ; then\n    # print error to STDERR\n    echo \"error: The sandbox is not in sync with the Podfile.lock. Run 'pod install' or update your CocoaPods installation.\" >&2\n    exit 1\nfi\n# This output is used by Xcode 'outputs' to avoid re-running this script phase.\necho \"SUCCESS\" > \"${SCRIPT_OUTPUT_FILE_0}\"\n";
			showEnvVarsInLog = 0;
		};
/* End PBXShellScriptBuildPhase section */

/* Begin PBXSourcesBuildPhase section */
		A6A2A8442435E3F20015B81C /* Sources */ = {
			isa = PBXSourcesBuildPhase;
			buildActionMask = 2147483647;
			files = (
				A6A2A84C2435E3F20015B81C /* AppDelegate.swift in Sources */,
				A6A2A8502435E3F20015B81C /* MainViewController.swift in Sources */,
				A638531F243B6F9600E928D5 /* D4LClientWrapper.swift in Sources */,
			);
			runOnlyForDeploymentPostprocessing = 0;
		};
		A6A2A85A2435E3F50015B81C /* Sources */ = {
			isa = PBXSourcesBuildPhase;
			buildActionMask = 2147483647;
			files = (
				A6A2A8632435E3F50015B81C /* TemplateAppTests.swift in Sources */,
			);
			runOnlyForDeploymentPostprocessing = 0;
		};
		A6A2A8652435E3F50015B81C /* Sources */ = {
			isa = PBXSourcesBuildPhase;
			buildActionMask = 2147483647;
			files = (
				A6A2A86E2435E3F50015B81C /* TemplateAppUITests.swift in Sources */,
			);
			runOnlyForDeploymentPostprocessing = 0;
		};
/* End PBXSourcesBuildPhase section */

/* Begin PBXTargetDependency section */
		A6A2A8602435E3F50015B81C /* PBXTargetDependency */ = {
			isa = PBXTargetDependency;
			target = A6A2A8472435E3F20015B81C /* TemplateApp */;
			targetProxy = A6A2A85F2435E3F50015B81C /* PBXContainerItemProxy */;
		};
		A6A2A86B2435E3F50015B81C /* PBXTargetDependency */ = {
			isa = PBXTargetDependency;
			target = A6A2A8472435E3F20015B81C /* TemplateApp */;
			targetProxy = A6A2A86A2435E3F50015B81C /* PBXContainerItemProxy */;
		};
/* End PBXTargetDependency section */

/* Begin PBXVariantGroup section */
		A6A2A8562435E3F50015B81C /* LaunchScreen.storyboard */ = {
			isa = PBXVariantGroup;
			children = (
				A6A2A8572435E3F50015B81C /* Base */,
			);
			name = LaunchScreen.storyboard;
			sourceTree = "<group>";
		};
/* End PBXVariantGroup section */

/* Begin XCBuildConfiguration section */
		A6A2A8702435E3F50015B81C /* Debug */ = {
			isa = XCBuildConfiguration;
			buildSettings = {
				ALWAYS_SEARCH_USER_PATHS = NO;
				CLANG_ANALYZER_NONNULL = YES;
				CLANG_ANALYZER_NUMBER_OBJECT_CONVERSION = YES_AGGRESSIVE;
				CLANG_CXX_LANGUAGE_STANDARD = "gnu++14";
				CLANG_CXX_LIBRARY = "libc++";
				CLANG_ENABLE_MODULES = YES;
				CLANG_ENABLE_OBJC_ARC = YES;
				CLANG_ENABLE_OBJC_WEAK = YES;
				CLANG_WARN_BLOCK_CAPTURE_AUTORELEASING = YES;
				CLANG_WARN_BOOL_CONVERSION = YES;
				CLANG_WARN_COMMA = YES;
				CLANG_WARN_CONSTANT_CONVERSION = YES;
				CLANG_WARN_DEPRECATED_OBJC_IMPLEMENTATIONS = YES;
				CLANG_WARN_DIRECT_OBJC_ISA_USAGE = YES_ERROR;
				CLANG_WARN_DOCUMENTATION_COMMENTS = YES;
				CLANG_WARN_EMPTY_BODY = YES;
				CLANG_WARN_ENUM_CONVERSION = YES;
				CLANG_WARN_INFINITE_RECURSION = YES;
				CLANG_WARN_INT_CONVERSION = YES;
				CLANG_WARN_NON_LITERAL_NULL_CONVERSION = YES;
				CLANG_WARN_OBJC_IMPLICIT_RETAIN_SELF = YES;
				CLANG_WARN_OBJC_LITERAL_CONVERSION = YES;
				CLANG_WARN_OBJC_ROOT_CLASS = YES_ERROR;
				CLANG_WARN_RANGE_LOOP_ANALYSIS = YES;
				CLANG_WARN_STRICT_PROTOTYPES = YES;
				CLANG_WARN_SUSPICIOUS_MOVE = YES;
				CLANG_WARN_UNGUARDED_AVAILABILITY = YES_AGGRESSIVE;
				CLANG_WARN_UNREACHABLE_CODE = YES;
				CLANG_WARN__DUPLICATE_METHOD_MATCH = YES;
				COPY_PHASE_STRIP = NO;
				DEBUG_INFORMATION_FORMAT = dwarf;
				ENABLE_STRICT_OBJC_MSGSEND = YES;
				ENABLE_TESTABILITY = YES;
				GCC_C_LANGUAGE_STANDARD = gnu11;
				GCC_DYNAMIC_NO_PIC = NO;
				GCC_NO_COMMON_BLOCKS = YES;
				GCC_OPTIMIZATION_LEVEL = 0;
				GCC_PREPROCESSOR_DEFINITIONS = (
					"DEBUG=1",
					"$(inherited)",
				);
				GCC_WARN_64_TO_32_BIT_CONVERSION = YES;
				GCC_WARN_ABOUT_RETURN_TYPE = YES_ERROR;
				GCC_WARN_UNDECLARED_SELECTOR = YES;
				GCC_WARN_UNINITIALIZED_AUTOS = YES_AGGRESSIVE;
				GCC_WARN_UNUSED_FUNCTION = YES;
				GCC_WARN_UNUSED_VARIABLE = YES;
				IPHONEOS_DEPLOYMENT_TARGET = 13.4;
				MTL_ENABLE_DEBUG_INFO = INCLUDE_SOURCE;
				MTL_FAST_MATH = YES;
				ONLY_ACTIVE_ARCH = YES;
				SDKROOT = iphoneos;
				SWIFT_ACTIVE_COMPILATION_CONDITIONS = DEBUG;
				SWIFT_OPTIMIZATION_LEVEL = "-Onone";
			};
			name = Debug;
		};
		A6A2A8712435E3F50015B81C /* Release */ = {
			isa = XCBuildConfiguration;
			buildSettings = {
				ALWAYS_SEARCH_USER_PATHS = NO;
				CLANG_ANALYZER_NONNULL = YES;
				CLANG_ANALYZER_NUMBER_OBJECT_CONVERSION = YES_AGGRESSIVE;
				CLANG_CXX_LANGUAGE_STANDARD = "gnu++14";
				CLANG_CXX_LIBRARY = "libc++";
				CLANG_ENABLE_MODULES = YES;
				CLANG_ENABLE_OBJC_ARC = YES;
				CLANG_ENABLE_OBJC_WEAK = YES;
				CLANG_WARN_BLOCK_CAPTURE_AUTORELEASING = YES;
				CLANG_WARN_BOOL_CONVERSION = YES;
				CLANG_WARN_COMMA = YES;
				CLANG_WARN_CONSTANT_CONVERSION = YES;
				CLANG_WARN_DEPRECATED_OBJC_IMPLEMENTATIONS = YES;
				CLANG_WARN_DIRECT_OBJC_ISA_USAGE = YES_ERROR;
				CLANG_WARN_DOCUMENTATION_COMMENTS = YES;
				CLANG_WARN_EMPTY_BODY = YES;
				CLANG_WARN_ENUM_CONVERSION = YES;
				CLANG_WARN_INFINITE_RECURSION = YES;
				CLANG_WARN_INT_CONVERSION = YES;
				CLANG_WARN_NON_LITERAL_NULL_CONVERSION = YES;
				CLANG_WARN_OBJC_IMPLICIT_RETAIN_SELF = YES;
				CLANG_WARN_OBJC_LITERAL_CONVERSION = YES;
				CLANG_WARN_OBJC_ROOT_CLASS = YES_ERROR;
				CLANG_WARN_RANGE_LOOP_ANALYSIS = YES;
				CLANG_WARN_STRICT_PROTOTYPES = YES;
				CLANG_WARN_SUSPICIOUS_MOVE = YES;
				CLANG_WARN_UNGUARDED_AVAILABILITY = YES_AGGRESSIVE;
				CLANG_WARN_UNREACHABLE_CODE = YES;
				CLANG_WARN__DUPLICATE_METHOD_MATCH = YES;
				COPY_PHASE_STRIP = NO;
				DEBUG_INFORMATION_FORMAT = "dwarf-with-dsym";
				ENABLE_NS_ASSERTIONS = NO;
				ENABLE_STRICT_OBJC_MSGSEND = YES;
				GCC_C_LANGUAGE_STANDARD = gnu11;
				GCC_NO_COMMON_BLOCKS = YES;
				GCC_WARN_64_TO_32_BIT_CONVERSION = YES;
				GCC_WARN_ABOUT_RETURN_TYPE = YES_ERROR;
				GCC_WARN_UNDECLARED_SELECTOR = YES;
				GCC_WARN_UNINITIALIZED_AUTOS = YES_AGGRESSIVE;
				GCC_WARN_UNUSED_FUNCTION = YES;
				GCC_WARN_UNUSED_VARIABLE = YES;
				IPHONEOS_DEPLOYMENT_TARGET = 13.4;
				MTL_ENABLE_DEBUG_INFO = NO;
				MTL_FAST_MATH = YES;
				SDKROOT = iphoneos;
				SWIFT_COMPILATION_MODE = wholemodule;
				SWIFT_OPTIMIZATION_LEVEL = "-O";
				VALIDATE_PRODUCT = YES;
			};
			name = Release;
		};
		A6A2A8732435E3F50015B81C /* Debug */ = {
			isa = XCBuildConfiguration;
			baseConfigurationReference = 3DE49F141C12EE9C07E7E044 /* Pods-TemplateApp.debug.xcconfig */;
			buildSettings = {
				ASSETCATALOG_COMPILER_APPICON_NAME = AppIcon;
				CODE_SIGN_STYLE = Manual;
				DEVELOPMENT_ASSET_PATHS = "";
				DEVELOPMENT_TEAM = "";
				ENABLE_PREVIEWS = YES;
				INFOPLIST_FILE = TemplateApp/Info.plist;
				LD_RUNPATH_SEARCH_PATHS = (
					"$(inherited)",
					"@executable_path/Frameworks",
				);
				PRODUCT_BUNDLE_IDENTIFIER = care.data4life.template;
				PRODUCT_NAME = "$(TARGET_NAME)";
				PROVISIONING_PROFILE_SPECIFIER = "";
				SWIFT_VERSION = 5.0;
				TARGETED_DEVICE_FAMILY = 1;
			};
			name = Debug;
		};
		A6A2A8742435E3F50015B81C /* Release */ = {
			isa = XCBuildConfiguration;
			baseConfigurationReference = 68551AD5C34A1FED977355A3 /* Pods-TemplateApp.release.xcconfig */;
			buildSettings = {
				ASSETCATALOG_COMPILER_APPICON_NAME = AppIcon;
				CODE_SIGN_STYLE = Manual;
				DEVELOPMENT_ASSET_PATHS = "";
				DEVELOPMENT_TEAM = "";
				ENABLE_PREVIEWS = YES;
				INFOPLIST_FILE = TemplateApp/Info.plist;
				LD_RUNPATH_SEARCH_PATHS = (
					"$(inherited)",
					"@executable_path/Frameworks",
				);
				PRODUCT_BUNDLE_IDENTIFIER = care.data4life.template;
				PRODUCT_NAME = "$(TARGET_NAME)";
				PROVISIONING_PROFILE_SPECIFIER = "";
				SWIFT_VERSION = 5.0;
				TARGETED_DEVICE_FAMILY = 1;
			};
			name = Release;
		};
		A6A2A8762435E3F50015B81C /* Debug */ = {
			isa = XCBuildConfiguration;
			buildSettings = {
				ALWAYS_EMBED_SWIFT_STANDARD_LIBRARIES = YES;
				BUNDLE_LOADER = "$(TEST_HOST)";
				CODE_SIGN_STYLE = Automatic;
				INFOPLIST_FILE = TemplateAppTests/Info.plist;
				IPHONEOS_DEPLOYMENT_TARGET = 13.4;
				LD_RUNPATH_SEARCH_PATHS = (
					"$(inherited)",
					"@executable_path/Frameworks",
					"@loader_path/Frameworks",
				);
				PRODUCT_BUNDLE_IDENTIFIER = "care.app-iosTests";
				PRODUCT_NAME = "$(TARGET_NAME)";
				SWIFT_VERSION = 5.0;
				TARGETED_DEVICE_FAMILY = "1,2";
				TEST_HOST = "$(BUILT_PRODUCTS_DIR)/TemplateApp.app/TemplateApp";
			};
			name = Debug;
		};
		A6A2A8772435E3F50015B81C /* Release */ = {
			isa = XCBuildConfiguration;
			buildSettings = {
				ALWAYS_EMBED_SWIFT_STANDARD_LIBRARIES = YES;
				BUNDLE_LOADER = "$(TEST_HOST)";
				CODE_SIGN_STYLE = Automatic;
				INFOPLIST_FILE = TemplateAppTests/Info.plist;
				IPHONEOS_DEPLOYMENT_TARGET = 13.4;
				LD_RUNPATH_SEARCH_PATHS = (
					"$(inherited)",
					"@executable_path/Frameworks",
					"@loader_path/Frameworks",
				);
				PRODUCT_BUNDLE_IDENTIFIER = "care.app-iosTests";
				PRODUCT_NAME = "$(TARGET_NAME)";
				SWIFT_VERSION = 5.0;
				TARGETED_DEVICE_FAMILY = "1,2";
				TEST_HOST = "$(BUILT_PRODUCTS_DIR)/TemplateApp.app/TemplateApp";
			};
			name = Release;
		};
		A6A2A8792435E3F50015B81C /* Debug */ = {
			isa = XCBuildConfiguration;
			buildSettings = {
				ALWAYS_EMBED_SWIFT_STANDARD_LIBRARIES = YES;
				CODE_SIGN_STYLE = Automatic;
				INFOPLIST_FILE = TemplateAppUITests/Info.plist;
				LD_RUNPATH_SEARCH_PATHS = (
					"$(inherited)",
					"@executable_path/Frameworks",
					"@loader_path/Frameworks",
				);
				PRODUCT_BUNDLE_IDENTIFIER = "care.app-iosUITests";
				PRODUCT_NAME = "$(TARGET_NAME)";
				SWIFT_VERSION = 5.0;
				TARGETED_DEVICE_FAMILY = "1,2";
				TEST_TARGET_NAME = TemplateApp;
			};
			name = Debug;
		};
		A6A2A87A2435E3F50015B81C /* Release */ = {
			isa = XCBuildConfiguration;
			buildSettings = {
				ALWAYS_EMBED_SWIFT_STANDARD_LIBRARIES = YES;
				CODE_SIGN_STYLE = Automatic;
				INFOPLIST_FILE = TemplateAppUITests/Info.plist;
				LD_RUNPATH_SEARCH_PATHS = (
					"$(inherited)",
					"@executable_path/Frameworks",
					"@loader_path/Frameworks",
				);
				PRODUCT_BUNDLE_IDENTIFIER = "care.app-iosUITests";
				PRODUCT_NAME = "$(TARGET_NAME)";
				SWIFT_VERSION = 5.0;
				TARGETED_DEVICE_FAMILY = "1,2";
				TEST_TARGET_NAME = TemplateApp;
			};
			name = Release;
		};
/* End XCBuildConfiguration section */

/* Begin XCConfigurationList section */
		A6A2A8432435E3F20015B81C /* Build configuration list for PBXProject "TemplateApp" */ = {
			isa = XCConfigurationList;
			buildConfigurations = (
				A6A2A8702435E3F50015B81C /* Debug */,
				A6A2A8712435E3F50015B81C /* Release */,
			);
			defaultConfigurationIsVisible = 0;
			defaultConfigurationName = Release;
		};
		A6A2A8722435E3F50015B81C /* Build configuration list for PBXNativeTarget "TemplateApp" */ = {
			isa = XCConfigurationList;
			buildConfigurations = (
				A6A2A8732435E3F50015B81C /* Debug */,
				A6A2A8742435E3F50015B81C /* Release */,
			);
			defaultConfigurationIsVisible = 0;
			defaultConfigurationName = Release;
		};
		A6A2A8752435E3F50015B81C /* Build configuration list for PBXNativeTarget "TemplateAppTests" */ = {
			isa = XCConfigurationList;
			buildConfigurations = (
				A6A2A8762435E3F50015B81C /* Debug */,
				A6A2A8772435E3F50015B81C /* Release */,
			);
			defaultConfigurationIsVisible = 0;
			defaultConfigurationName = Release;
		};
		A6A2A8782435E3F50015B81C /* Build configuration list for PBXNativeTarget "TemplateAppUITests" */ = {
			isa = XCConfigurationList;
			buildConfigurations = (
				A6A2A8792435E3F50015B81C /* Debug */,
				A6A2A87A2435E3F50015B81C /* Release */,
			);
			defaultConfigurationIsVisible = 0;
			defaultConfigurationName = Release;
		};
/* End XCConfigurationList section */
	};
	rootObject = A6A2A8402435E3F20015B81C /* Project object */;
}
